
Microsoft Visual Studio Solution File, Format Version 11.00
# Visual Studio 2010
Project("{8BC9CEB8-8B4A-11D0-8D11-00A0C91BC942}") = "3d", "3d.vcxproj", "{37C51A7E-E8DF-4573-8D66-1254A0F96A3F}"
EndProject
Project("{8BC9CEB8-8B4A-11D0-8D11-00A0C91BC942}") = "channel_groups", "channel_groups.vcxproj", "{F69B8B75-20E6-44A8-8912-019771C44544}"
EndProject
Project("{8BC9CEB8-8B4A-11D0-8D11-00A0C91BC942}") = "convolution_reverb", "convolution_reverb.vcxproj", "{4AAFA799-91EF-4174-BD41-8A60795E7823}"
EndProject
Project("{8BC9CEB8-8B4A-11D0-8D11-00A0C91BC942}") = "dsp_custom", "dsp_custom.vcxproj", "{43345AA2-05AD-46E5-989F-9B0250E10656}"
EndProject
Project("{8BC9CEB8-8B4A-11D0-8D11-00A0C91BC942}") = "dsp_effect_per_speaker", "dsp_effect_per_speaker.vcxproj", "{85576531-CFB2-45DD-8903-972217A1B830}"
EndProject
Project("{8BC9CEB8-8B4A-11D0-8D11-00A0C91BC942}") = "dsp_inspector", "dsp_inspector.vcxproj", "{B26E72F7-AF7B-4E70-99E0-8DB151174F22}"
EndProject
Project("{8BC9CEB8-8B4A-11D0-8D11-00A0C91BC942}") = "effects", "effects.vcxproj", "{BB76DBDF-82B2-4327-9F8F-1784C8C99FF3}"
EndProject
Project("{8BC9CEB8-8B4A-11D0-8D11-00A0C91BC942}") = "gapless_playback", "gapless_playback.vcxproj", "{A45A7AF4-55C5-4AB8-8E8C-97606F70A37F}"
EndProject
Project("{8BC9CEB8-8B4A-11D0-8D11-00A0C91BC942}") = "generate_tone", "generate_tone.vcxproj", "{0C002019-C6C8-46CA-924A-3E8DB4129DFF}"
EndProject
Project("{8BC9CEB8-8B4A-11D0-8D11-00A0C91BC942}") = "granular_synth", "granular_synth.vcxproj", "{5E233F48-C762-4945-BAF9-57695533D546}"
EndProject
Project("{8BC9CEB8-8B4A-11D0-8D11-00A0C91BC942}") = "load_from_memory", "load_from_memory.vcxproj", "{CCCA7A7F-E383-4600-87CA-54F83F35648E}"
EndProject
Project("{8BC9CEB8-8B4A-11D0-8D11-00A0C91BC942}") = "multiple_speaker", "multiple_speaker.vcxproj", "{44C76BF2-E569-48A3-9CB4-C8EB78A13180}"
EndProject
Project("{8BC9CEB8-8B4A-11D0-8D11-00A0C91BC942}") = "multiple_system", "multiple_system.vcxproj", "{CCD6DB48-DE14-4FCD-8A90-15569D08FDEE}"
EndProject
Project("{8BC9CEB8-8B4A-11D0-8D11-00A0C91BC942}") = "net_stream", "net_stream.vcxproj", "{EDCF0AAF-907D-4302-AB88-1BCAC2149F26}"
EndProject
Project("{8BC9CEB8-8B4A-11D0-8D11-00A0C91BC942}") = "play_sound", "play_sound.vcxproj", "{70019616-76CD-417A-9DE3-5BF8F1F5FF6B}"
EndProject
Project("{8BC9CEB8-8B4A-11D0-8D11-00A0C91BC942}") = "play_stream", "play_stream.vcxproj", "{CD95BBF1-4D1E-47F2-B14F-4347FA259E9A}"
EndProject
Project("{8BC9CEB8-8B4A-11D0-8D11-00A0C91BC942}") = "record", "record.vcxproj", "{DC8C8A42-B0CE-4F20-B959-1D9EAD1217BE}"
EndProject
Project("{8BC9CEB8-8B4A-11D0-8D11-00A0C91BC942}") = "record_enumeration", "record_enumeration.vcxproj", "{7355F408-279E-41C1-B9E0-3B854DC0ED2C}"
EndProject
Project("{8BC9CEB8-8B4A-11D0-8D11-00A0C91BC942}") = "user_created_sound", "user_created_sound.vcxproj", "{4E9E16A7-9C9C-42FD-BD37-FCE5ADF0AA44}"
EndProject
Project("{8BC9CEB8-8B4A-11D0-8D11-00A0C91BC942}") = "fmod_codec_raw", "fmod_codec_raw.vcxproj", "{D628E5FF-898D-41F2-B5F3-93154FAE5055}"
EndProject
Project("{8BC9CEB8-8B4A-11D0-8D11-00A0C91BC942}") = "fmod_distance_filter", "fmod_distance_filter.vcxproj", "{AFE78AD0-957F-4CC6-BA7F-216CBBC8960C}"
EndProject
Project("{8BC9CEB8-8B4A-11D0-8D11-00A0C91BC942}") = "fmod_gain", "fmod_gain.vcxproj", "{0BB134A3-B5CB-48F9-81F3-40164B919188}"
EndProject
Project("{8BC9CEB8-8B4A-11D0-8D11-00A0C91BC942}") = "fmod_noise", "fmod_noise.vcxproj", "{4BCF24ED-8F90-4DC3-ACCB-D541796F08E7}"
EndProject
Global
	GlobalSection(SolutionConfigurationPlatforms) = preSolution
		Debug|AArch64-Android-NVIDIA = Debug|AArch64-Android-NVIDIA
		Debug|ARM-Android-NVIDIA = Debug|ARM-Android-NVIDIA
		Debug|x86-Android-NVIDIA = Debug|x86-Android-NVIDIA
		Debug|x64-Android-NVIDIA = Debug|x64-Android-NVIDIA
		Release|AArch64-Android-NVIDIA = Release|AArch64-Android-NVIDIA
		Release|ARM-Android-NVIDIA = Release|ARM-Android-NVIDIA
		Release|x86-Android-NVIDIA = Release|x86-Android-NVIDIA
		Release|x64-Android-NVIDIA = Release|x64-Android-NVIDIA
	EndGlobalSection
	GlobalSection(ProjectConfigurationPlatforms) = postSolution
		{37C51A7E-E8DF-4573-8D66-1254A0F96A3F}.Debug|AArch64-Android-NVIDIA.ActiveCfg = Debug|AArch64-Android-NVIDIA
		{37C51A7E-E8DF-4573-8D66-1254A0F96A3F}.Debug|AArch64-Android-NVIDIA.Build.0 = Debug|AArch64-Android-NVIDIA
		{37C51A7E-E8DF-4573-8D66-1254A0F96A3F}.Debug|AArch64-Android-NVIDIA.Deploy.0 = Debug|AArch64-Android-NVIDIA
		{37C51A7E-E8DF-4573-8D66-1254A0F96A3F}.Debug|ARM-Android-NVIDIA.ActiveCfg = Debug|ARM-Android-NVIDIA
		{37C51A7E-E8DF-4573-8D66-1254A0F96A3F}.Debug|ARM-Android-NVIDIA.Build.0 = Debug|ARM-Android-NVIDIA
		{37C51A7E-E8DF-4573-8D66-1254A0F96A3F}.Debug|ARM-Android-NVIDIA.Deploy.0 = Debug|ARM-Android-NVIDIA
		{37C51A7E-E8DF-4573-8D66-1254A0F96A3F}.Debug|x86-Android-NVIDIA.ActiveCfg = Debug|x86-Android-NVIDIA
		{37C51A7E-E8DF-4573-8D66-1254A0F96A3F}.Debug|x86-Android-NVIDIA.Build.0 = Debug|x86-Android-NVIDIA
		{37C51A7E-E8DF-4573-8D66-1254A0F96A3F}.Debug|x86-Android-NVIDIA.Deploy.0 = Debug|x86-Android-NVIDIA
		{37C51A7E-E8DF-4573-8D66-1254A0F96A3F}.Debug|x64-Android-NVIDIA.ActiveCfg = Debug|x64-Android-NVIDIA
		{37C51A7E-E8DF-4573-8D66-1254A0F96A3F}.Debug|x64-Android-NVIDIA.Build.0 = Debug|x64-Android-NVIDIA
		{37C51A7E-E8DF-4573-8D66-1254A0F96A3F}.Debug|x64-Android-NVIDIA.Deploy.0 = Debug|x64-Android-NVIDIA
		{37C51A7E-E8DF-4573-8D66-1254A0F96A3F}.Release|AArch64-Android-NVIDIA.ActiveCfg = Release|AArch64-Android-NVIDIA
		{37C51A7E-E8DF-4573-8D66-1254A0F96A3F}.Release|AArch64-Android-NVIDIA.Build.0 = Release|AArch64-Android-NVIDIA
		{37C51A7E-E8DF-4573-8D66-1254A0F96A3F}.Release|AArch64-Android-NVIDIA.Deploy.0 = Release|AArch64-Android-NVIDIA
		{37C51A7E-E8DF-4573-8D66-1254A0F96A3F}.Release|ARM-Android-NVIDIA.ActiveCfg = Release|ARM-Android-NVIDIA
		{37C51A7E-E8DF-4573-8D66-1254A0F96A3F}.Release|ARM-Android-NVIDIA.Build.0 = Release|ARM-Android-NVIDIA
		{37C51A7E-E8DF-4573-8D66-1254A0F96A3F}.Release|ARM-Android-NVIDIA.Deploy.0 = Release|ARM-Android-NVIDIA
		{37C51A7E-E8DF-4573-8D66-1254A0F96A3F}.Release|x86-Android-NVIDIA.ActiveCfg = Release|x86-Android-NVIDIA
		{37C51A7E-E8DF-4573-8D66-1254A0F96A3F}.Release|x86-Android-NVIDIA.Build.0 = Release|x86-Android-NVIDIA
		{37C51A7E-E8DF-4573-8D66-1254A0F96A3F}.Release|x86-Android-NVIDIA.Deploy.0 = Release|x86-Android-NVIDIA
		{37C51A7E-E8DF-4573-8D66-1254A0F96A3F}.Release|x64-Android-NVIDIA.ActiveCfg = Release|x64-Android-NVIDIA
		{37C51A7E-E8DF-4573-8D66-1254A0F96A3F}.Release|x64-Android-NVIDIA.Build.0 = Release|x64-Android-NVIDIA
		{37C51A7E-E8DF-4573-8D66-1254A0F96A3F}.Release|x64-Android-NVIDIA.Deploy.0 = Release|x64-Android-NVIDIA
		{F69B8B75-20E6-44A8-8912-019771C44544}.Debug|AArch64-Android-NVIDIA.ActiveCfg = Debug|AArch64-Android-NVIDIA
		{F69B8B75-20E6-44A8-8912-019771C44544}.Debug|AArch64-Android-NVIDIA.Build.0 = Debug|AArch64-Android-NVIDIA
		{F69B8B75-20E6-44A8-8912-019771C44544}.Debug|AArch64-Android-NVIDIA.Deploy.0 = Debug|AArch64-Android-NVIDIA
		{F69B8B75-20E6-44A8-8912-019771C44544}.Debug|ARM-Android-NVIDIA.ActiveCfg = Debug|ARM-Android-NVIDIA
		{F69B8B75-20E6-44A8-8912-019771C44544}.Debug|ARM-Android-NVIDIA.Build.0 = Debug|ARM-Android-NVIDIA
		{F69B8B75-20E6-44A8-8912-019771C44544}.Debug|ARM-Android-NVIDIA.Deploy.0 = Debug|ARM-Android-NVIDIA
		{F69B8B75-20E6-44A8-8912-019771C44544}.Debug|x86-Android-NVIDIA.ActiveCfg = Debug|x86-Android-NVIDIA
		{F69B8B75-20E6-44A8-8912-019771C44544}.Debug|x86-Android-NVIDIA.Build.0 = Debug|x86-Android-NVIDIA
		{F69B8B75-20E6-44A8-8912-019771C44544}.Debug|x86-Android-NVIDIA.Deploy.0 = Debug|x86-Android-NVIDIA
		{F69B8B75-20E6-44A8-8912-019771C44544}.Debug|x64-Android-NVIDIA.ActiveCfg = Debug|x64-Android-NVIDIA
		{F69B8B75-20E6-44A8-8912-019771C44544}.Debug|x64-Android-NVIDIA.Build.0 = Debug|x64-Android-NVIDIA
		{F69B8B75-20E6-44A8-8912-019771C44544}.Debug|x64-Android-NVIDIA.Deploy.0 = Debug|x64-Android-NVIDIA
		{F69B8B75-20E6-44A8-8912-019771C44544}.Release|AArch64-Android-NVIDIA.ActiveCfg = Release|AArch64-Android-NVIDIA
		{F69B8B75-20E6-44A8-8912-019771C44544}.Release|AArch64-Android-NVIDIA.Build.0 = Release|AArch64-Android-NVIDIA
		{F69B8B75-20E6-44A8-8912-019771C44544}.Release|AArch64-Android-NVIDIA.Deploy.0 = Release|AArch64-Android-NVIDIA
		{F69B8B75-20E6-44A8-8912-019771C44544}.Release|ARM-Android-NVIDIA.ActiveCfg = Release|ARM-Android-NVIDIA
		{F69B8B75-20E6-44A8-8912-019771C44544}.Release|ARM-Android-NVIDIA.Build.0 = Release|ARM-Android-NVIDIA
		{F69B8B75-20E6-44A8-8912-019771C44544}.Release|ARM-Android-NVIDIA.Deploy.0 = Release|ARM-Android-NVIDIA
		{F69B8B75-20E6-44A8-8912-019771C44544}.Release|x86-Android-NVIDIA.ActiveCfg = Release|x86-Android-NVIDIA
		{F69B8B75-20E6-44A8-8912-019771C44544}.Release|x86-Android-NVIDIA.Build.0 = Release|x86-Android-NVIDIA
		{F69B8B75-20E6-44A8-8912-019771C44544}.Release|x86-Android-NVIDIA.Deploy.0 = Release|x86-Android-NVIDIA
		{F69B8B75-20E6-44A8-8912-019771C44544}.Release|x64-Android-NVIDIA.ActiveCfg = Release|x64-Android-NVIDIA
		{F69B8B75-20E6-44A8-8912-019771C44544}.Release|x64-Android-NVIDIA.Build.0 = Release|x64-Android-NVIDIA
		{F69B8B75-20E6-44A8-8912-019771C44544}.Release|x64-Android-NVIDIA.Deploy.0 = Release|x64-Android-NVIDIA
		{4AAFA799-91EF-4174-BD41-8A60795E7823}.Debug|AArch64-Android-NVIDIA.ActiveCfg = Debug|AArch64-Android-NVIDIA
		{4AAFA799-91EF-4174-BD41-8A60795E7823}.Debug|AArch64-Android-NVIDIA.Build.0 = Debug|AArch64-Android-NVIDIA
		{4AAFA799-91EF-4174-BD41-8A60795E7823}.Debug|AArch64-Android-NVIDIA.Deploy.0 = Debug|AArch64-Android-NVIDIA
		{4AAFA799-91EF-4174-BD41-8A60795E7823}.Debug|ARM-Android-NVIDIA.ActiveCfg = Debug|ARM-Android-NVIDIA
		{4AAFA799-91EF-4174-BD41-8A60795E7823}.Debug|ARM-Android-NVIDIA.Build.0 = Debug|ARM-Android-NVIDIA
		{4AAFA799-91EF-4174-BD41-8A60795E7823}.Debug|ARM-Android-NVIDIA.Deploy.0 = Debug|ARM-Android-NVIDIA
		{4AAFA799-91EF-4174-BD41-8A60795E7823}.Debug|x86-Android-NVIDIA.ActiveCfg = Debug|x86-Android-NVIDIA
		{4AAFA799-91EF-4174-BD41-8A60795E7823}.Debug|x86-Android-NVIDIA.Build.0 = Debug|x86-Android-NVIDIA
		{4AAFA799-91EF-4174-BD41-8A60795E7823}.Debug|x86-Android-NVIDIA.Deploy.0 = Debug|x86-Android-NVIDIA
		{4AAFA799-91EF-4174-BD41-8A60795E7823}.Debug|x64-Android-NVIDIA.ActiveCfg = Debug|x64-Android-NVIDIA
		{4AAFA799-91EF-4174-BD41-8A60795E7823}.Debug|x64-Android-NVIDIA.Build.0 = Debug|x64-Android-NVIDIA
		{4AAFA799-91EF-4174-BD41-8A60795E7823}.Debug|x64-Android-NVIDIA.Deploy.0 = Debug|x64-Android-NVIDIA
		{4AAFA799-91EF-4174-BD41-8A60795E7823}.Release|AArch64-Android-NVIDIA.ActiveCfg = Release|AArch64-Android-NVIDIA
		{4AAFA799-91EF-4174-BD41-8A60795E7823}.Release|AArch64-Android-NVIDIA.Build.0 = Release|AArch64-Android-NVIDIA
		{4AAFA799-91EF-4174-BD41-8A60795E7823}.Release|AArch64-Android-NVIDIA.Deploy.0 = Release|AArch64-Android-NVIDIA
		{4AAFA799-91EF-4174-BD41-8A60795E7823}.Release|ARM-Android-NVIDIA.ActiveCfg = Release|ARM-Android-NVIDIA
		{4AAFA799-91EF-4174-BD41-8A60795E7823}.Release|ARM-Android-NVIDIA.Build.0 = Release|ARM-Android-NVIDIA
		{4AAFA799-91EF-4174-BD41-8A60795E7823}.Release|ARM-Android-NVIDIA.Deploy.0 = Release|ARM-Android-NVIDIA
		{4AAFA799-91EF-4174-BD41-8A60795E7823}.Release|x86-Android-NVIDIA.ActiveCfg = Release|x86-Android-NVIDIA
		{4AAFA799-91EF-4174-BD41-8A60795E7823}.Release|x86-Android-NVIDIA.Build.0 = Release|x86-Android-NVIDIA
		{4AAFA799-91EF-4174-BD41-8A60795E7823}.Release|x86-Android-NVIDIA.Deploy.0 = Release|x86-Android-NVIDIA
		{4AAFA799-91EF-4174-BD41-8A60795E7823}.Release|x64-Android-NVIDIA.ActiveCfg = Release|x64-Android-NVIDIA
		{4AAFA799-91EF-4174-BD41-8A60795E7823}.Release|x64-Android-NVIDIA.Build.0 = Release|x64-Android-NVIDIA
		{4AAFA799-91EF-4174-BD41-8A60795E7823}.Release|x64-Android-NVIDIA.Deploy.0 = Release|x64-Android-NVIDIA
		{43345AA2-05AD-46E5-989F-9B0250E10656}.Debug|AArch64-Android-NVIDIA.ActiveCfg = Debug|AArch64-Android-NVIDIA
		{43345AA2-05AD-46E5-989F-9B0250E10656}.Debug|AArch64-Android-NVIDIA.Build.0 = Debug|AArch64-Android-NVIDIA
		{43345AA2-05AD-46E5-989F-9B0250E10656}.Debug|AArch64-Android-NVIDIA.Deploy.0 = Debug|AArch64-Android-NVIDIA
		{43345AA2-05AD-46E5-989F-9B0250E10656}.Debug|ARM-Android-NVIDIA.ActiveCfg = Debug|ARM-Android-NVIDIA
		{43345AA2-05AD-46E5-989F-9B0250E10656}.Debug|ARM-Android-NVIDIA.Build.0 = Debug|ARM-Android-NVIDIA
		{43345AA2-05AD-46E5-989F-9B0250E10656}.Debug|ARM-Android-NVIDIA.Deploy.0 = Debug|ARM-Android-NVIDIA
		{43345AA2-05AD-46E5-989F-9B0250E10656}.Debug|x86-Android-NVIDIA.ActiveCfg = Debug|x86-Android-NVIDIA
		{43345AA2-05AD-46E5-989F-9B0250E10656}.Debug|x86-Android-NVIDIA.Build.0 = Debug|x86-Android-NVIDIA
		{43345AA2-05AD-46E5-989F-9B0250E10656}.Debug|x86-Android-NVIDIA.Deploy.0 = Debug|x86-Android-NVIDIA
		{43345AA2-05AD-46E5-989F-9B0250E10656}.Debug|x64-Android-NVIDIA.ActiveCfg = Debug|x64-Android-NVIDIA
		{43345AA2-05AD-46E5-989F-9B0250E10656}.Debug|x64-Android-NVIDIA.Build.0 = Debug|x64-Android-NVIDIA
		{43345AA2-05AD-46E5-989F-9B0250E10656}.Debug|x64-Android-NVIDIA.Deploy.0 = Debug|x64-Android-NVIDIA
		{43345AA2-05AD-46E5-989F-9B0250E10656}.Release|AArch64-Android-NVIDIA.ActiveCfg = Release|AArch64-Android-NVIDIA
		{43345AA2-05AD-46E5-989F-9B0250E10656}.Release|AArch64-Android-NVIDIA.Build.0 = Release|AArch64-Android-NVIDIA
		{43345AA2-05AD-46E5-989F-9B0250E10656}.Release|AArch64-Android-NVIDIA.Deploy.0 = Release|AArch64-Android-NVIDIA
		{43345AA2-05AD-46E5-989F-9B0250E10656}.Release|ARM-Android-NVIDIA.ActiveCfg = Release|ARM-Android-NVIDIA
		{43345AA2-05AD-46E5-989F-9B0250E10656}.Release|ARM-Android-NVIDIA.Build.0 = Release|ARM-Android-NVIDIA
		{43345AA2-05AD-46E5-989F-9B0250E10656}.Release|ARM-Android-NVIDIA.Deploy.0 = Release|ARM-Android-NVIDIA
		{43345AA2-05AD-46E5-989F-9B0250E10656}.Release|x86-Android-NVIDIA.ActiveCfg = Release|x86-Android-NVIDIA
		{43345AA2-05AD-46E5-989F-9B0250E10656}.Release|x86-Android-NVIDIA.Build.0 = Release|x86-Android-NVIDIA
		{43345AA2-05AD-46E5-989F-9B0250E10656}.Release|x86-Android-NVIDIA.Deploy.0 = Release|x86-Android-NVIDIA
		{43345AA2-05AD-46E5-989F-9B0250E10656}.Release|x64-Android-NVIDIA.ActiveCfg = Release|x64-Android-NVIDIA
		{43345AA2-05AD-46E5-989F-9B0250E10656}.Release|x64-Android-NVIDIA.Build.0 = Release|x64-Android-NVIDIA
		{43345AA2-05AD-46E5-989F-9B0250E10656}.Release|x64-Android-NVIDIA.Deploy.0 = Release|x64-Android-NVIDIA
		{85576531-CFB2-45DD-8903-972217A1B830}.Debug|AArch64-Android-NVIDIA.ActiveCfg = Debug|AArch64-Android-NVIDIA
		{85576531-CFB2-45DD-8903-972217A1B830}.Debug|AArch64-Android-NVIDIA.Build.0 = Debug|AArch64-Android-NVIDIA
		{85576531-CFB2-45DD-8903-972217A1B830}.Debug|AArch64-Android-NVIDIA.Deploy.0 = Debug|AArch64-Android-NVIDIA
		{85576531-CFB2-45DD-8903-972217A1B830}.Debug|ARM-Android-NVIDIA.ActiveCfg = Debug|ARM-Android-NVIDIA
		{85576531-CFB2-45DD-8903-972217A1B830}.Debug|ARM-Android-NVIDIA.Build.0 = Debug|ARM-Android-NVIDIA
		{85576531-CFB2-45DD-8903-972217A1B830}.Debug|ARM-Android-NVIDIA.Deploy.0 = Debug|ARM-Android-NVIDIA
		{85576531-CFB2-45DD-8903-972217A1B830}.Debug|x86-Android-NVIDIA.ActiveCfg = Debug|x86-Android-NVIDIA
		{85576531-CFB2-45DD-8903-972217A1B830}.Debug|x86-Android-NVIDIA.Build.0 = Debug|x86-Android-NVIDIA
		{85576531-CFB2-45DD-8903-972217A1B830}.Debug|x86-Android-NVIDIA.Deploy.0 = Debug|x86-Android-NVIDIA
		{85576531-CFB2-45DD-8903-972217A1B830}.Debug|x64-Android-NVIDIA.ActiveCfg = Debug|x64-Android-NVIDIA
		{85576531-CFB2-45DD-8903-972217A1B830}.Debug|x64-Android-NVIDIA.Build.0 = Debug|x64-Android-NVIDIA
		{85576531-CFB2-45DD-8903-972217A1B830}.Debug|x64-Android-NVIDIA.Deploy.0 = Debug|x64-Android-NVIDIA
		{85576531-CFB2-45DD-8903-972217A1B830}.Release|AArch64-Android-NVIDIA.ActiveCfg = Release|AArch64-Android-NVIDIA
		{85576531-CFB2-45DD-8903-972217A1B830}.Release|AArch64-Android-NVIDIA.Build.0 = Release|AArch64-Android-NVIDIA
		{85576531-CFB2-45DD-8903-972217A1B830}.Release|AArch64-Android-NVIDIA.Deploy.0 = Release|AArch64-Android-NVIDIA
		{85576531-CFB2-45DD-8903-972217A1B830}.Release|ARM-Android-NVIDIA.ActiveCfg = Release|ARM-Android-NVIDIA
		{85576531-CFB2-45DD-8903-972217A1B830}.Release|ARM-Android-NVIDIA.Build.0 = Release|ARM-Android-NVIDIA
		{85576531-CFB2-45DD-8903-972217A1B830}.Release|ARM-Android-NVIDIA.Deploy.0 = Release|ARM-Android-NVIDIA
		{85576531-CFB2-45DD-8903-972217A1B830}.Release|x86-Android-NVIDIA.ActiveCfg = Release|x86-Android-NVIDIA
		{85576531-CFB2-45DD-8903-972217A1B830}.Release|x86-Android-NVIDIA.Build.0 = Release|x86-Android-NVIDIA
		{85576531-CFB2-45DD-8903-972217A1B830}.Release|x86-Android-NVIDIA.Deploy.0 = Release|x86-Android-NVIDIA
		{85576531-CFB2-45DD-8903-972217A1B830}.Release|x64-Android-NVIDIA.ActiveCfg = Release|x64-Android-NVIDIA
		{85576531-CFB2-45DD-8903-972217A1B830}.Release|x64-Android-NVIDIA.Build.0 = Release|x64-Android-NVIDIA
		{85576531-CFB2-45DD-8903-972217A1B830}.Release|x64-Android-NVIDIA.Deploy.0 = Release|x64-Android-NVIDIA
		{B26E72F7-AF7B-4E70-99E0-8DB151174F22}.Debug|AArch64-Android-NVIDIA.ActiveCfg = Debug|AArch64-Android-NVIDIA
		{B26E72F7-AF7B-4E70-99E0-8DB151174F22}.Debug|AArch64-Android-NVIDIA.Build.0 = Debug|AArch64-Android-NVIDIA
		{B26E72F7-AF7B-4E70-99E0-8DB151174F22}.Debug|AArch64-Android-NVIDIA.Deploy.0 = Debug|AArch64-Android-NVIDIA
		{B26E72F7-AF7B-4E70-99E0-8DB151174F22}.Debug|ARM-Android-NVIDIA.ActiveCfg = Debug|ARM-Android-NVIDIA
		{B26E72F7-AF7B-4E70-99E0-8DB151174F22}.Debug|ARM-Android-NVIDIA.Build.0 = Debug|ARM-Android-NVIDIA
		{B26E72F7-AF7B-4E70-99E0-8DB151174F22}.Debug|ARM-Android-NVIDIA.Deploy.0 = Debug|ARM-Android-NVIDIA
		{B26E72F7-AF7B-4E70-99E0-8DB151174F22}.Debug|x86-Android-NVIDIA.ActiveCfg = Debug|x86-Android-NVIDIA
		{B26E72F7-AF7B-4E70-99E0-8DB151174F22}.Debug|x86-Android-NVIDIA.Build.0 = Debug|x86-Android-NVIDIA
		{B26E72F7-AF7B-4E70-99E0-8DB151174F22}.Debug|x86-Android-NVIDIA.Deploy.0 = Debug|x86-Android-NVIDIA
		{B26E72F7-AF7B-4E70-99E0-8DB151174F22}.Debug|x64-Android-NVIDIA.ActiveCfg = Debug|x64-Android-NVIDIA
		{B26E72F7-AF7B-4E70-99E0-8DB151174F22}.Debug|x64-Android-NVIDIA.Build.0 = Debug|x64-Android-NVIDIA
		{B26E72F7-AF7B-4E70-99E0-8DB151174F22}.Debug|x64-Android-NVIDIA.Deploy.0 = Debug|x64-Android-NVIDIA
		{B26E72F7-AF7B-4E70-99E0-8DB151174F22}.Release|AArch64-Android-NVIDIA.ActiveCfg = Release|AArch64-Android-NVIDIA
		{B26E72F7-AF7B-4E70-99E0-8DB151174F22}.Release|AArch64-Android-NVIDIA.Build.0 = Release|AArch64-Android-NVIDIA
		{B26E72F7-AF7B-4E70-99E0-8DB151174F22}.Release|AArch64-Android-NVIDIA.Deploy.0 = Release|AArch64-Android-NVIDIA
		{B26E72F7-AF7B-4E70-99E0-8DB151174F22}.Release|ARM-Android-NVIDIA.ActiveCfg = Release|ARM-Android-NVIDIA
		{B26E72F7-AF7B-4E70-99E0-8DB151174F22}.Release|ARM-Android-NVIDIA.Build.0 = Release|ARM-Android-NVIDIA
		{B26E72F7-AF7B-4E70-99E0-8DB151174F22}.Release|ARM-Android-NVIDIA.Deploy.0 = Release|ARM-Android-NVIDIA
		{B26E72F7-AF7B-4E70-99E0-8DB151174F22}.Release|x86-Android-NVIDIA.ActiveCfg = Release|x86-Android-NVIDIA
		{B26E72F7-AF7B-4E70-99E0-8DB151174F22}.Release|x86-Android-NVIDIA.Build.0 = Release|x86-Android-NVIDIA
		{B26E72F7-AF7B-4E70-99E0-8DB151174F22}.Release|x86-Android-NVIDIA.Deploy.0 = Release|x86-Android-NVIDIA
		{B26E72F7-AF7B-4E70-99E0-8DB151174F22}.Release|x64-Android-NVIDIA.ActiveCfg = Release|x64-Android-NVIDIA
		{B26E72F7-AF7B-4E70-99E0-8DB151174F22}.Release|x64-Android-NVIDIA.Build.0 = Release|x64-Android-NVIDIA
		{B26E72F7-AF7B-4E70-99E0-8DB151174F22}.Release|x64-Android-NVIDIA.Deploy.0 = Release|x64-Android-NVIDIA
		{BB76DBDF-82B2-4327-9F8F-1784C8C99FF3}.Debug|AArch64-Android-NVIDIA.ActiveCfg = Debug|AArch64-Android-NVIDIA
		{BB76DBDF-82B2-4327-9F8F-1784C8C99FF3}.Debug|AArch64-Android-NVIDIA.Build.0 = Debug|AArch64-Android-NVIDIA
		{BB76DBDF-82B2-4327-9F8F-1784C8C99FF3}.Debug|AArch64-Android-NVIDIA.Deploy.0 = Debug|AArch64-Android-NVIDIA
		{BB76DBDF-82B2-4327-9F8F-1784C8C99FF3}.Debug|ARM-Android-NVIDIA.ActiveCfg = Debug|ARM-Android-NVIDIA
		{BB76DBDF-82B2-4327-9F8F-1784C8C99FF3}.Debug|ARM-Android-NVIDIA.Build.0 = Debug|ARM-Android-NVIDIA
		{BB76DBDF-82B2-4327-9F8F-1784C8C99FF3}.Debug|ARM-Android-NVIDIA.Deploy.0 = Debug|ARM-Android-NVIDIA
		{BB76DBDF-82B2-4327-9F8F-1784C8C99FF3}.Debug|x86-Android-NVIDIA.ActiveCfg = Debug|x86-Android-NVIDIA
		{BB76DBDF-82B2-4327-9F8F-1784C8C99FF3}.Debug|x86-Android-NVIDIA.Build.0 = Debug|x86-Android-NVIDIA
		{BB76DBDF-82B2-4327-9F8F-1784C8C99FF3}.Debug|x86-Android-NVIDIA.Deploy.0 = Debug|x86-Android-NVIDIA
		{BB76DBDF-82B2-4327-9F8F-1784C8C99FF3}.Debug|x64-Android-NVIDIA.ActiveCfg = Debug|x64-Android-NVIDIA
		{BB76DBDF-82B2-4327-9F8F-1784C8C99FF3}.Debug|x64-Android-NVIDIA.Build.0 = Debug|x64-Android-NVIDIA
		{BB76DBDF-82B2-4327-9F8F-1784C8C99FF3}.Debug|x64-Android-NVIDIA.Deploy.0 = Debug|x64-Android-NVIDIA
		{BB76DBDF-82B2-4327-9F8F-1784C8C99FF3}.Release|AArch64-Android-NVIDIA.ActiveCfg = Release|AArch64-Android-NVIDIA
		{BB76DBDF-82B2-4327-9F8F-1784C8C99FF3}.Release|AArch64-Android-NVIDIA.Build.0 = Release|AArch64-Android-NVIDIA
		{BB76DBDF-82B2-4327-9F8F-1784C8C99FF3}.Release|AArch64-Android-NVIDIA.Deploy.0 = Release|AArch64-Android-NVIDIA
		{BB76DBDF-82B2-4327-9F8F-1784C8C99FF3}.Release|ARM-Android-NVIDIA.ActiveCfg = Release|ARM-Android-NVIDIA
		{BB76DBDF-82B2-4327-9F8F-1784C8C99FF3}.Release|ARM-Android-NVIDIA.Build.0 = Release|ARM-Android-NVIDIA
		{BB76DBDF-82B2-4327-9F8F-1784C8C99FF3}.Release|ARM-Android-NVIDIA.Deploy.0 = Release|ARM-Android-NVIDIA
		{BB76DBDF-82B2-4327-9F8F-1784C8C99FF3}.Release|x86-Android-NVIDIA.ActiveCfg = Release|x86-Android-NVIDIA
		{BB76DBDF-82B2-4327-9F8F-1784C8C99FF3}.Release|x86-Android-NVIDIA.Build.0 = Release|x86-Android-NVIDIA
		{BB76DBDF-82B2-4327-9F8F-1784C8C99FF3}.Release|x86-Android-NVIDIA.Deploy.0 = Release|x86-Android-NVIDIA
		{BB76DBDF-82B2-4327-9F8F-1784C8C99FF3}.Release|x64-Android-NVIDIA.ActiveCfg = Release|x64-Android-NVIDIA
		{BB76DBDF-82B2-4327-9F8F-1784C8C99FF3}.Release|x64-Android-NVIDIA.Build.0 = Release|x64-Android-NVIDIA
		{BB76DBDF-82B2-4327-9F8F-1784C8C99FF3}.Release|x64-Android-NVIDIA.Deploy.0 = Release|x64-Android-NVIDIA
		{A45A7AF4-55C5-4AB8-8E8C-97606F70A37F}.Debug|AArch64-Android-NVIDIA.ActiveCfg = Debug|AArch64-Android-NVIDIA
		{A45A7AF4-55C5-4AB8-8E8C-97606F70A37F}.Debug|AArch64-Android-NVIDIA.Build.0 = Debug|AArch64-Android-NVIDIA
		{A45A7AF4-55C5-4AB8-8E8C-97606F70A37F}.Debug|AArch64-Android-NVIDIA.Deploy.0 = Debug|AArch64-Android-NVIDIA
		{A45A7AF4-55C5-4AB8-8E8C-97606F70A37F}.Debug|ARM-Android-NVIDIA.ActiveCfg = Debug|ARM-Android-NVIDIA
		{A45A7AF4-55C5-4AB8-8E8C-97606F70A37F}.Debug|ARM-Android-NVIDIA.Build.0 = Debug|ARM-Android-NVIDIA
		{A45A7AF4-55C5-4AB8-8E8C-97606F70A37F}.Debug|ARM-Android-NVIDIA.Deploy.0 = Debug|ARM-Android-NVIDIA
		{A45A7AF4-55C5-4AB8-8E8C-97606F70A37F}.Debug|x86-Android-NVIDIA.ActiveCfg = Debug|x86-Android-NVIDIA
		{A45A7AF4-55C5-4AB8-8E8C-97606F70A37F}.Debug|x86-Android-NVIDIA.Build.0 = Debug|x86-Android-NVIDIA
		{A45A7AF4-55C5-4AB8-8E8C-97606F70A37F}.Debug|x86-Android-NVIDIA.Deploy.0 = Debug|x86-Android-NVIDIA
		{A45A7AF4-55C5-4AB8-8E8C-97606F70A37F}.Debug|x64-Android-NVIDIA.ActiveCfg = Debug|x64-Android-NVIDIA
		{A45A7AF4-55C5-4AB8-8E8C-97606F70A37F}.Debug|x64-Android-NVIDIA.Build.0 = Debug|x64-Android-NVIDIA
		{A45A7AF4-55C5-4AB8-8E8C-97606F70A37F}.Debug|x64-Android-NVIDIA.Deploy.0 = Debug|x64-Android-NVIDIA
		{A45A7AF4-55C5-4AB8-8E8C-97606F70A37F}.Release|AArch64-Android-NVIDIA.ActiveCfg = Release|AArch64-Android-NVIDIA
		{A45A7AF4-55C5-4AB8-8E8C-97606F70A37F}.Release|AArch64-Android-NVIDIA.Build.0 = Release|AArch64-Android-NVIDIA
		{A45A7AF4-55C5-4AB8-8E8C-97606F70A37F}.Release|AArch64-Android-NVIDIA.Deploy.0 = Release|AArch64-Android-NVIDIA
		{A45A7AF4-55C5-4AB8-8E8C-97606F70A37F}.Release|ARM-Android-NVIDIA.ActiveCfg = Release|ARM-Android-NVIDIA
		{A45A7AF4-55C5-4AB8-8E8C-97606F70A37F}.Release|ARM-Android-NVIDIA.Build.0 = Release|ARM-Android-NVIDIA
		{A45A7AF4-55C5-4AB8-8E8C-97606F70A37F}.Release|ARM-Android-NVIDIA.Deploy.0 = Release|ARM-Android-NVIDIA
		{A45A7AF4-55C5-4AB8-8E8C-97606F70A37F}.Release|x86-Android-NVIDIA.ActiveCfg = Release|x86-Android-NVIDIA
		{A45A7AF4-55C5-4AB8-8E8C-97606F70A37F}.Release|x86-Android-NVIDIA.Build.0 = Release|x86-Android-NVIDIA
		{A45A7AF4-55C5-4AB8-8E8C-97606F70A37F}.Release|x86-Android-NVIDIA.Deploy.0 = Release|x86-Android-NVIDIA
		{A45A7AF4-55C5-4AB8-8E8C-97606F70A37F}.Release|x64-Android-NVIDIA.ActiveCfg = Release|x64-Android-NVIDIA
		{A45A7AF4-55C5-4AB8-8E8C-97606F70A37F}.Release|x64-Android-NVIDIA.Build.0 = Release|x64-Android-NVIDIA
		{A45A7AF4-55C5-4AB8-8E8C-97606F70A37F}.Release|x64-Android-NVIDIA.Deploy.0 = Release|x64-Android-NVIDIA
		{0C002019-C6C8-46CA-924A-3E8DB4129DFF}.Debug|AArch64-Android-NVIDIA.ActiveCfg = Debug|AArch64-Android-NVIDIA
		{0C002019-C6C8-46CA-924A-3E8DB4129DFF}.Debug|AArch64-Android-NVIDIA.Build.0 = Debug|AArch64-Android-NVIDIA
		{0C002019-C6C8-46CA-924A-3E8DB4129DFF}.Debug|AArch64-Android-NVIDIA.Deploy.0 = Debug|AArch64-Android-NVIDIA
		{0C002019-C6C8-46CA-924A-3E8DB4129DFF}.Debug|ARM-Android-NVIDIA.ActiveCfg = Debug|ARM-Android-NVIDIA
		{0C002019-C6C8-46CA-924A-3E8DB4129DFF}.Debug|ARM-Android-NVIDIA.Build.0 = Debug|ARM-Android-NVIDIA
		{0C002019-C6C8-46CA-924A-3E8DB4129DFF}.Debug|ARM-Android-NVIDIA.Deploy.0 = Debug|ARM-Android-NVIDIA
		{0C002019-C6C8-46CA-924A-3E8DB4129DFF}.Debug|x86-Android-NVIDIA.ActiveCfg = Debug|x86-Android-NVIDIA
		{0C002019-C6C8-46CA-924A-3E8DB4129DFF}.Debug|x86-Android-NVIDIA.Build.0 = Debug|x86-Android-NVIDIA
		{0C002019-C6C8-46CA-924A-3E8DB4129DFF}.Debug|x86-Android-NVIDIA.Deploy.0 = Debug|x86-Android-NVIDIA
		{0C002019-C6C8-46CA-924A-3E8DB4129DFF}.Debug|x64-Android-NVIDIA.ActiveCfg = Debug|x64-Android-NVIDIA
		{0C002019-C6C8-46CA-924A-3E8DB4129DFF}.Debug|x64-Android-NVIDIA.Build.0 = Debug|x64-Android-NVIDIA
		{0C002019-C6C8-46CA-924A-3E8DB4129DFF}.Debug|x64-Android-NVIDIA.Deploy.0 = Debug|x64-Android-NVIDIA
		{0C002019-C6C8-46CA-924A-3E8DB4129DFF}.Release|AArch64-Android-NVIDIA.ActiveCfg = Release|AArch64-Android-NVIDIA
		{0C002019-C6C8-46CA-924A-3E8DB4129DFF}.Release|AArch64-Android-NVIDIA.Build.0 = Release|AArch64-Android-NVIDIA
		{0C002019-C6C8-46CA-924A-3E8DB4129DFF}.Release|AArch64-Android-NVIDIA.Deploy.0 = Release|AArch64-Android-NVIDIA
		{0C002019-C6C8-46CA-924A-3E8DB4129DFF}.Release|ARM-Android-NVIDIA.ActiveCfg = Release|ARM-Android-NVIDIA
		{0C002019-C6C8-46CA-924A-3E8DB4129DFF}.Release|ARM-Android-NVIDIA.Build.0 = Release|ARM-Android-NVIDIA
		{0C002019-C6C8-46CA-924A-3E8DB4129DFF}.Release|ARM-Android-NVIDIA.Deploy.0 = Release|ARM-Android-NVIDIA
		{0C002019-C6C8-46CA-924A-3E8DB4129DFF}.Release|x86-Android-NVIDIA.ActiveCfg = Release|x86-Android-NVIDIA
		{0C002019-C6C8-46CA-924A-3E8DB4129DFF}.Release|x86-Android-NVIDIA.Build.0 = Release|x86-Android-NVIDIA
		{0C002019-C6C8-46CA-924A-3E8DB4129DFF}.Release|x86-Android-NVIDIA.Deploy.0 = Release|x86-Android-NVIDIA
		{0C002019-C6C8-46CA-924A-3E8DB4129DFF}.Release|x64-Android-NVIDIA.ActiveCfg = Release|x64-Android-NVIDIA
		{0C002019-C6C8-46CA-924A-3E8DB4129DFF}.Release|x64-Android-NVIDIA.Build.0 = Release|x64-Android-NVIDIA
		{0C002019-C6C8-46CA-924A-3E8DB4129DFF}.Release|x64-Android-NVIDIA.Deploy.0 = Release|x64-Android-NVIDIA
		{5E233F48-C762-4945-BAF9-57695533D546}.Debug|AArch64-Android-NVIDIA.ActiveCfg = Debug|AArch64-Android-NVIDIA
		{5E233F48-C762-4945-BAF9-57695533D546}.Debug|AArch64-Android-NVIDIA.Build.0 = Debug|AArch64-Android-NVIDIA
		{5E233F48-C762-4945-BAF9-57695533D546}.Debug|AArch64-Android-NVIDIA.Deploy.0 = Debug|AArch64-Android-NVIDIA
		{5E233F48-C762-4945-BAF9-57695533D546}.Debug|ARM-Android-NVIDIA.ActiveCfg = Debug|ARM-Android-NVIDIA
		{5E233F48-C762-4945-BAF9-57695533D546}.Debug|ARM-Android-NVIDIA.Build.0 = Debug|ARM-Android-NVIDIA
		{5E233F48-C762-4945-BAF9-57695533D546}.Debug|ARM-Android-NVIDIA.Deploy.0 = Debug|ARM-Android-NVIDIA
		{5E233F48-C762-4945-BAF9-57695533D546}.Debug|x86-Android-NVIDIA.ActiveCfg = Debug|x86-Android-NVIDIA
		{5E233F48-C762-4945-BAF9-57695533D546}.Debug|x86-Android-NVIDIA.Build.0 = Debug|x86-Android-NVIDIA
		{5E233F48-C762-4945-BAF9-57695533D546}.Debug|x86-Android-NVIDIA.Deploy.0 = Debug|x86-Android-NVIDIA
		{5E233F48-C762-4945-BAF9-57695533D546}.Debug|x64-Android-NVIDIA.ActiveCfg = Debug|x64-Android-NVIDIA
		{5E233F48-C762-4945-BAF9-57695533D546}.Debug|x64-Android-NVIDIA.Build.0 = Debug|x64-Android-NVIDIA
		{5E233F48-C762-4945-BAF9-57695533D546}.Debug|x64-Android-NVIDIA.Deploy.0 = Debug|x64-Android-NVIDIA
		{5E233F48-C762-4945-BAF9-57695533D546}.Release|AArch64-Android-NVIDIA.ActiveCfg = Release|AArch64-Android-NVIDIA
		{5E233F48-C762-4945-BAF9-57695533D546}.Release|AArch64-Android-NVIDIA.Build.0 = Release|AArch64-Android-NVIDIA
		{5E233F48-C762-4945-BAF9-57695533D546}.Release|AArch64-Android-NVIDIA.Deploy.0 = Release|AArch64-Android-NVIDIA
		{5E233F48-C762-4945-BAF9-57695533D546}.Release|ARM-Android-NVIDIA.ActiveCfg = Release|ARM-Android-NVIDIA
		{5E233F48-C762-4945-BAF9-57695533D546}.Release|ARM-Android-NVIDIA.Build.0 = Release|ARM-Android-NVIDIA
		{5E233F48-C762-4945-BAF9-57695533D546}.Release|ARM-Android-NVIDIA.Deploy.0 = Release|ARM-Android-NVIDIA
		{5E233F48-C762-4945-BAF9-57695533D546}.Release|x86-Android-NVIDIA.ActiveCfg = Release|x86-Android-NVIDIA
		{5E233F48-C762-4945-BAF9-57695533D546}.Release|x86-Android-NVIDIA.Build.0 = Release|x86-Android-NVIDIA
		{5E233F48-C762-4945-BAF9-57695533D546}.Release|x86-Android-NVIDIA.Deploy.0 = Release|x86-Android-NVIDIA
		{5E233F48-C762-4945-BAF9-57695533D546}.Release|x64-Android-NVIDIA.ActiveCfg = Release|x64-Android-NVIDIA
		{5E233F48-C762-4945-BAF9-57695533D546}.Release|x64-Android-NVIDIA.Build.0 = Release|x64-Android-NVIDIA
		{5E233F48-C762-4945-BAF9-57695533D546}.Release|x64-Android-NVIDIA.Deploy.0 = Release|x64-Android-NVIDIA
		{CCCA7A7F-E383-4600-87CA-54F83F35648E}.Debug|AArch64-Android-NVIDIA.ActiveCfg = Debug|AArch64-Android-NVIDIA
		{CCCA7A7F-E383-4600-87CA-54F83F35648E}.Debug|AArch64-Android-NVIDIA.Build.0 = Debug|AArch64-Android-NVIDIA
		{CCCA7A7F-E383-4600-87CA-54F83F35648E}.Debug|AArch64-Android-NVIDIA.Deploy.0 = Debug|AArch64-Android-NVIDIA
		{CCCA7A7F-E383-4600-87CA-54F83F35648E}.Debug|ARM-Android-NVIDIA.ActiveCfg = Debug|ARM-Android-NVIDIA
		{CCCA7A7F-E383-4600-87CA-54F83F35648E}.Debug|ARM-Android-NVIDIA.Build.0 = Debug|ARM-Android-NVIDIA
		{CCCA7A7F-E383-4600-87CA-54F83F35648E}.Debug|ARM-Android-NVIDIA.Deploy.0 = Debug|ARM-Android-NVIDIA
		{CCCA7A7F-E383-4600-87CA-54F83F35648E}.Debug|x86-Android-NVIDIA.ActiveCfg = Debug|x86-Android-NVIDIA
		{CCCA7A7F-E383-4600-87CA-54F83F35648E}.Debug|x86-Android-NVIDIA.Build.0 = Debug|x86-Android-NVIDIA
		{CCCA7A7F-E383-4600-87CA-54F83F35648E}.Debug|x86-Android-NVIDIA.Deploy.0 = Debug|x86-Android-NVIDIA
		{CCCA7A7F-E383-4600-87CA-54F83F35648E}.Debug|x64-Android-NVIDIA.ActiveCfg = Debug|x64-Android-NVIDIA
		{CCCA7A7F-E383-4600-87CA-54F83F35648E}.Debug|x64-Android-NVIDIA.Build.0 = Debug|x64-Android-NVIDIA
		{CCCA7A7F-E383-4600-87CA-54F83F35648E}.Debug|x64-Android-NVIDIA.Deploy.0 = Debug|x64-Android-NVIDIA
		{CCCA7A7F-E383-4600-87CA-54F83F35648E}.Release|AArch64-Android-NVIDIA.ActiveCfg = Release|AArch64-Android-NVIDIA
		{CCCA7A7F-E383-4600-87CA-54F83F35648E}.Release|AArch64-Android-NVIDIA.Build.0 = Release|AArch64-Android-NVIDIA
		{CCCA7A7F-E383-4600-87CA-54F83F35648E}.Release|AArch64-Android-NVIDIA.Deploy.0 = Release|AArch64-Android-NVIDIA
		{CCCA7A7F-E383-4600-87CA-54F83F35648E}.Release|ARM-Android-NVIDIA.ActiveCfg = Release|ARM-Android-NVIDIA
		{CCCA7A7F-E383-4600-87CA-54F83F35648E}.Release|ARM-Android-NVIDIA.Build.0 = Release|ARM-Android-NVIDIA
		{CCCA7A7F-E383-4600-87CA-54F83F35648E}.Release|ARM-Android-NVIDIA.Deploy.0 = Release|ARM-Android-NVIDIA
		{CCCA7A7F-E383-4600-87CA-54F83F35648E}.Release|x86-Android-NVIDIA.ActiveCfg = Release|x86-Android-NVIDIA
		{CCCA7A7F-E383-4600-87CA-54F83F35648E}.Release|x86-Android-NVIDIA.Build.0 = Release|x86-Android-NVIDIA
		{CCCA7A7F-E383-4600-87CA-54F83F35648E}.Release|x86-Android-NVIDIA.Deploy.0 = Release|x86-Android-NVIDIA
		{CCCA7A7F-E383-4600-87CA-54F83F35648E}.Release|x64-Android-NVIDIA.ActiveCfg = Release|x64-Android-NVIDIA
		{CCCA7A7F-E383-4600-87CA-54F83F35648E}.Release|x64-Android-NVIDIA.Build.0 = Release|x64-Android-NVIDIA
		{CCCA7A7F-E383-4600-87CA-54F83F35648E}.Release|x64-Android-NVIDIA.Deploy.0 = Release|x64-Android-NVIDIA
		{44C76BF2-E569-48A3-9CB4-C8EB78A13180}.Debug|AArch64-Android-NVIDIA.ActiveCfg = Debug|AArch64-Android-NVIDIA
		{44C76BF2-E569-48A3-9CB4-C8EB78A13180}.Debug|AArch64-Android-NVIDIA.Build.0 = Debug|AArch64-Android-NVIDIA
		{44C76BF2-E569-48A3-9CB4-C8EB78A13180}.Debug|AArch64-Android-NVIDIA.Deploy.0 = Debug|AArch64-Android-NVIDIA
		{44C76BF2-E569-48A3-9CB4-C8EB78A13180}.Debug|ARM-Android-NVIDIA.ActiveCfg = Debug|ARM-Android-NVIDIA
		{44C76BF2-E569-48A3-9CB4-C8EB78A13180}.Debug|ARM-Android-NVIDIA.Build.0 = Debug|ARM-Android-NVIDIA
		{44C76BF2-E569-48A3-9CB4-C8EB78A13180}.Debug|ARM-Android-NVIDIA.Deploy.0 = Debug|ARM-Android-NVIDIA
		{44C76BF2-E569-48A3-9CB4-C8EB78A13180}.Debug|x86-Android-NVIDIA.ActiveCfg = Debug|x86-Android-NVIDIA
		{44C76BF2-E569-48A3-9CB4-C8EB78A13180}.Debug|x86-Android-NVIDIA.Build.0 = Debug|x86-Android-NVIDIA
		{44C76BF2-E569-48A3-9CB4-C8EB78A13180}.Debug|x86-Android-NVIDIA.Deploy.0 = Debug|x86-Android-NVIDIA
		{44C76BF2-E569-48A3-9CB4-C8EB78A13180}.Debug|x64-Android-NVIDIA.ActiveCfg = Debug|x64-Android-NVIDIA
		{44C76BF2-E569-48A3-9CB4-C8EB78A13180}.Debug|x64-Android-NVIDIA.Build.0 = Debug|x64-Android-NVIDIA
		{44C76BF2-E569-48A3-9CB4-C8EB78A13180}.Debug|x64-Android-NVIDIA.Deploy.0 = Debug|x64-Android-NVIDIA
		{44C76BF2-E569-48A3-9CB4-C8EB78A13180}.Release|AArch64-Android-NVIDIA.ActiveCfg = Release|AArch64-Android-NVIDIA
		{44C76BF2-E569-48A3-9CB4-C8EB78A13180}.Release|AArch64-Android-NVIDIA.Build.0 = Release|AArch64-Android-NVIDIA
		{44C76BF2-E569-48A3-9CB4-C8EB78A13180}.Release|AArch64-Android-NVIDIA.Deploy.0 = Release|AArch64-Android-NVIDIA
		{44C76BF2-E569-48A3-9CB4-C8EB78A13180}.Release|ARM-Android-NVIDIA.ActiveCfg = Release|ARM-Android-NVIDIA
		{44C76BF2-E569-48A3-9CB4-C8EB78A13180}.Release|ARM-Android-NVIDIA.Build.0 = Release|ARM-Android-NVIDIA
		{44C76BF2-E569-48A3-9CB4-C8EB78A13180}.Release|ARM-Android-NVIDIA.Deploy.0 = Release|ARM-Android-NVIDIA
		{44C76BF2-E569-48A3-9CB4-C8EB78A13180}.Release|x86-Android-NVIDIA.ActiveCfg = Release|x86-Android-NVIDIA
		{44C76BF2-E569-48A3-9CB4-C8EB78A13180}.Release|x86-Android-NVIDIA.Build.0 = Release|x86-Android-NVIDIA
		{44C76BF2-E569-48A3-9CB4-C8EB78A13180}.Release|x86-Android-NVIDIA.Deploy.0 = Release|x86-Android-NVIDIA
		{44C76BF2-E569-48A3-9CB4-C8EB78A13180}.Release|x64-Android-NVIDIA.ActiveCfg = Release|x64-Android-NVIDIA
		{44C76BF2-E569-48A3-9CB4-C8EB78A13180}.Release|x64-Android-NVIDIA.Build.0 = Release|x64-Android-NVIDIA
		{44C76BF2-E569-48A3-9CB4-C8EB78A13180}.Release|x64-Android-NVIDIA.Deploy.0 = Release|x64-Android-NVIDIA
		{CCD6DB48-DE14-4FCD-8A90-15569D08FDEE}.Debug|AArch64-Android-NVIDIA.ActiveCfg = Debug|AArch64-Android-NVIDIA
		{CCD6DB48-DE14-4FCD-8A90-15569D08FDEE}.Debug|AArch64-Android-NVIDIA.Build.0 = Debug|AArch64-Android-NVIDIA
		{CCD6DB48-DE14-4FCD-8A90-15569D08FDEE}.Debug|AArch64-Android-NVIDIA.Deploy.0 = Debug|AArch64-Android-NVIDIA
		{CCD6DB48-DE14-4FCD-8A90-15569D08FDEE}.Debug|ARM-Android-NVIDIA.ActiveCfg = Debug|ARM-Android-NVIDIA
		{CCD6DB48-DE14-4FCD-8A90-15569D08FDEE}.Debug|ARM-Android-NVIDIA.Build.0 = Debug|ARM-Android-NVIDIA
		{CCD6DB48-DE14-4FCD-8A90-15569D08FDEE}.Debug|ARM-Android-NVIDIA.Deploy.0 = Debug|ARM-Android-NVIDIA
		{CCD6DB48-DE14-4FCD-8A90-15569D08FDEE}.Debug|x86-Android-NVIDIA.ActiveCfg = Debug|x86-Android-NVIDIA
		{CCD6DB48-DE14-4FCD-8A90-15569D08FDEE}.Debug|x86-Android-NVIDIA.Build.0 = Debug|x86-Android-NVIDIA
		{CCD6DB48-DE14-4FCD-8A90-15569D08FDEE}.Debug|x86-Android-NVIDIA.Deploy.0 = Debug|x86-Android-NVIDIA
		{CCD6DB48-DE14-4FCD-8A90-15569D08FDEE}.Debug|x64-Android-NVIDIA.ActiveCfg = Debug|x64-Android-NVIDIA
		{CCD6DB48-DE14-4FCD-8A90-15569D08FDEE}.Debug|x64-Android-NVIDIA.Build.0 = Debug|x64-Android-NVIDIA
		{CCD6DB48-DE14-4FCD-8A90-15569D08FDEE}.Debug|x64-Android-NVIDIA.Deploy.0 = Debug|x64-Android-NVIDIA
		{CCD6DB48-DE14-4FCD-8A90-15569D08FDEE}.Release|AArch64-Android-NVIDIA.ActiveCfg = Release|AArch64-Android-NVIDIA
		{CCD6DB48-DE14-4FCD-8A90-15569D08FDEE}.Release|AArch64-Android-NVIDIA.Build.0 = Release|AArch64-Android-NVIDIA
		{CCD6DB48-DE14-4FCD-8A90-15569D08FDEE}.Release|AArch64-Android-NVIDIA.Deploy.0 = Release|AArch64-Android-NVIDIA
		{CCD6DB48-DE14-4FCD-8A90-15569D08FDEE}.Release|ARM-Android-NVIDIA.ActiveCfg = Release|ARM-Android-NVIDIA
		{CCD6DB48-DE14-4FCD-8A90-15569D08FDEE}.Release|ARM-Android-NVIDIA.Build.0 = Release|ARM-Android-NVIDIA
		{CCD6DB48-DE14-4FCD-8A90-15569D08FDEE}.Release|ARM-Android-NVIDIA.Deploy.0 = Release|ARM-Android-NVIDIA
		{CCD6DB48-DE14-4FCD-8A90-15569D08FDEE}.Release|x86-Android-NVIDIA.ActiveCfg = Release|x86-Android-NVIDIA
		{CCD6DB48-DE14-4FCD-8A90-15569D08FDEE}.Release|x86-Android-NVIDIA.Build.0 = Release|x86-Android-NVIDIA
		{CCD6DB48-DE14-4FCD-8A90-15569D08FDEE}.Release|x86-Android-NVIDIA.Deploy.0 = Release|x86-Android-NVIDIA
		{CCD6DB48-DE14-4FCD-8A90-15569D08FDEE}.Release|x64-Android-NVIDIA.ActiveCfg = Release|x64-Android-NVIDIA
		{CCD6DB48-DE14-4FCD-8A90-15569D08FDEE}.Release|x64-Android-NVIDIA.Build.0 = Release|x64-Android-NVIDIA
		{CCD6DB48-DE14-4FCD-8A90-15569D08FDEE}.Release|x64-Android-NVIDIA.Deploy.0 = Release|x64-Android-NVIDIA
		{EDCF0AAF-907D-4302-AB88-1BCAC2149F26}.Debug|AArch64-Android-NVIDIA.ActiveCfg = Debug|AArch64-Android-NVIDIA
		{EDCF0AAF-907D-4302-AB88-1BCAC2149F26}.Debug|AArch64-Android-NVIDIA.Build.0 = Debug|AArch64-Android-NVIDIA
		{EDCF0AAF-907D-4302-AB88-1BCAC2149F26}.Debug|AArch64-Android-NVIDIA.Deploy.0 = Debug|AArch64-Android-NVIDIA
		{EDCF0AAF-907D-4302-AB88-1BCAC2149F26}.Debug|ARM-Android-NVIDIA.ActiveCfg = Debug|ARM-Android-NVIDIA
		{EDCF0AAF-907D-4302-AB88-1BCAC2149F26}.Debug|ARM-Android-NVIDIA.Build.0 = Debug|ARM-Android-NVIDIA
		{EDCF0AAF-907D-4302-AB88-1BCAC2149F26}.Debug|ARM-Android-NVIDIA.Deploy.0 = Debug|ARM-Android-NVIDIA
		{EDCF0AAF-907D-4302-AB88-1BCAC2149F26}.Debug|x86-Android-NVIDIA.ActiveCfg = Debug|x86-Android-NVIDIA
		{EDCF0AAF-907D-4302-AB88-1BCAC2149F26}.Debug|x86-Android-NVIDIA.Build.0 = Debug|x86-Android-NVIDIA
		{EDCF0AAF-907D-4302-AB88-1BCAC2149F26}.Debug|x86-Android-NVIDIA.Deploy.0 = Debug|x86-Android-NVIDIA
		{EDCF0AAF-907D-4302-AB88-1BCAC2149F26}.Debug|x64-Android-NVIDIA.ActiveCfg = Debug|x64-Android-NVIDIA
		{EDCF0AAF-907D-4302-AB88-1BCAC2149F26}.Debug|x64-Android-NVIDIA.Build.0 = Debug|x64-Android-NVIDIA
		{EDCF0AAF-907D-4302-AB88-1BCAC2149F26}.Debug|x64-Android-NVIDIA.Deploy.0 = Debug|x64-Android-NVIDIA
		{EDCF0AAF-907D-4302-AB88-1BCAC2149F26}.Release|AArch64-Android-NVIDIA.ActiveCfg = Release|AArch64-Android-NVIDIA
		{EDCF0AAF-907D-4302-AB88-1BCAC2149F26}.Release|AArch64-Android-NVIDIA.Build.0 = Release|AArch64-Android-NVIDIA
		{EDCF0AAF-907D-4302-AB88-1BCAC2149F26}.Release|AArch64-Android-NVIDIA.Deploy.0 = Release|AArch64-Android-NVIDIA
		{EDCF0AAF-907D-4302-AB88-1BCAC2149F26}.Release|ARM-Android-NVIDIA.ActiveCfg = Release|ARM-Android-NVIDIA
		{EDCF0AAF-907D-4302-AB88-1BCAC2149F26}.Release|ARM-Android-NVIDIA.Build.0 = Release|ARM-Android-NVIDIA
		{EDCF0AAF-907D-4302-AB88-1BCAC2149F26}.Release|ARM-Android-NVIDIA.Deploy.0 = Release|ARM-Android-NVIDIA
		{EDCF0AAF-907D-4302-AB88-1BCAC2149F26}.Release|x86-Android-NVIDIA.ActiveCfg = Release|x86-Android-NVIDIA
		{EDCF0AAF-907D-4302-AB88-1BCAC2149F26}.Release|x86-Android-NVIDIA.Build.0 = Release|x86-Android-NVIDIA
		{EDCF0AAF-907D-4302-AB88-1BCAC2149F26}.Release|x86-Android-NVIDIA.Deploy.0 = Release|x86-Android-NVIDIA
		{EDCF0AAF-907D-4302-AB88-1BCAC2149F26}.Release|x64-Android-NVIDIA.ActiveCfg = Release|x64-Android-NVIDIA
		{EDCF0AAF-907D-4302-AB88-1BCAC2149F26}.Release|x64-Android-NVIDIA.Build.0 = Release|x64-Android-NVIDIA
		{EDCF0AAF-907D-4302-AB88-1BCAC2149F26}.Release|x64-Android-NVIDIA.Deploy.0 = Release|x64-Android-NVIDIA
		{70019616-76CD-417A-9DE3-5BF8F1F5FF6B}.Debug|AArch64-Android-NVIDIA.ActiveCfg = Debug|AArch64-Android-NVIDIA
		{70019616-76CD-417A-9DE3-5BF8F1F5FF6B}.Debug|AArch64-Android-NVIDIA.Build.0 = Debug|AArch64-Android-NVIDIA
		{70019616-76CD-417A-9DE3-5BF8F1F5FF6B}.Debug|AArch64-Android-NVIDIA.Deploy.0 = Debug|AArch64-Android-NVIDIA
		{70019616-76CD-417A-9DE3-5BF8F1F5FF6B}.Debug|ARM-Android-NVIDIA.ActiveCfg = Debug|ARM-Android-NVIDIA
		{70019616-76CD-417A-9DE3-5BF8F1F5FF6B}.Debug|ARM-Android-NVIDIA.Build.0 = Debug|ARM-Android-NVIDIA
		{70019616-76CD-417A-9DE3-5BF8F1F5FF6B}.Debug|ARM-Android-NVIDIA.Deploy.0 = Debug|ARM-Android-NVIDIA
		{70019616-76CD-417A-9DE3-5BF8F1F5FF6B}.Debug|x86-Android-NVIDIA.ActiveCfg = Debug|x86-Android-NVIDIA
		{70019616-76CD-417A-9DE3-5BF8F1F5FF6B}.Debug|x86-Android-NVIDIA.Build.0 = Debug|x86-Android-NVIDIA
		{70019616-76CD-417A-9DE3-5BF8F1F5FF6B}.Debug|x86-Android-NVIDIA.Deploy.0 = Debug|x86-Android-NVIDIA
		{70019616-76CD-417A-9DE3-5BF8F1F5FF6B}.Debug|x64-Android-NVIDIA.ActiveCfg = Debug|x64-Android-NVIDIA
		{70019616-76CD-417A-9DE3-5BF8F1F5FF6B}.Debug|x64-Android-NVIDIA.Build.0 = Debug|x64-Android-NVIDIA
		{70019616-76CD-417A-9DE3-5BF8F1F5FF6B}.Debug|x64-Android-NVIDIA.Deploy.0 = Debug|x64-Android-NVIDIA
		{70019616-76CD-417A-9DE3-5BF8F1F5FF6B}.Release|AArch64-Android-NVIDIA.ActiveCfg = Release|AArch64-Android-NVIDIA
		{70019616-76CD-417A-9DE3-5BF8F1F5FF6B}.Release|AArch64-Android-NVIDIA.Build.0 = Release|AArch64-Android-NVIDIA
		{70019616-76CD-417A-9DE3-5BF8F1F5FF6B}.Release|AArch64-Android-NVIDIA.Deploy.0 = Release|AArch64-Android-NVIDIA
		{70019616-76CD-417A-9DE3-5BF8F1F5FF6B}.Release|ARM-Android-NVIDIA.ActiveCfg = Release|ARM-Android-NVIDIA
		{70019616-76CD-417A-9DE3-5BF8F1F5FF6B}.Release|ARM-Android-NVIDIA.Build.0 = Release|ARM-Android-NVIDIA
		{70019616-76CD-417A-9DE3-5BF8F1F5FF6B}.Release|ARM-Android-NVIDIA.Deploy.0 = Release|ARM-Android-NVIDIA
		{70019616-76CD-417A-9DE3-5BF8F1F5FF6B}.Release|x86-Android-NVIDIA.ActiveCfg = Release|x86-Android-NVIDIA
		{70019616-76CD-417A-9DE3-5BF8F1F5FF6B}.Release|x86-Android-NVIDIA.Build.0 = Release|x86-Android-NVIDIA
		{70019616-76CD-417A-9DE3-5BF8F1F5FF6B}.Release|x86-Android-NVIDIA.Deploy.0 = Release|x86-Android-NVIDIA
		{70019616-76CD-417A-9DE3-5BF8F1F5FF6B}.Release|x64-Android-NVIDIA.ActiveCfg = Release|x64-Android-NVIDIA
		{70019616-76CD-417A-9DE3-5BF8F1F5FF6B}.Release|x64-Android-NVIDIA.Build.0 = Release|x64-Android-NVIDIA
		{70019616-76CD-417A-9DE3-5BF8F1F5FF6B}.Release|x64-Android-NVIDIA.Deploy.0 = Release|x64-Android-NVIDIA
		{CD95BBF1-4D1E-47F2-B14F-4347FA259E9A}.Debug|AArch64-Android-NVIDIA.ActiveCfg = Debug|AArch64-Android-NVIDIA
		{CD95BBF1-4D1E-47F2-B14F-4347FA259E9A}.Debug|AArch64-Android-NVIDIA.Build.0 = Debug|AArch64-Android-NVIDIA
		{CD95BBF1-4D1E-47F2-B14F-4347FA259E9A}.Debug|AArch64-Android-NVIDIA.Deploy.0 = Debug|AArch64-Android-NVIDIA
		{CD95BBF1-4D1E-47F2-B14F-4347FA259E9A}.Debug|ARM-Android-NVIDIA.ActiveCfg = Debug|ARM-Android-NVIDIA
		{CD95BBF1-4D1E-47F2-B14F-4347FA259E9A}.Debug|ARM-Android-NVIDIA.Build.0 = Debug|ARM-Android-NVIDIA
		{CD95BBF1-4D1E-47F2-B14F-4347FA259E9A}.Debug|ARM-Android-NVIDIA.Deploy.0 = Debug|ARM-Android-NVIDIA
		{CD95BBF1-4D1E-47F2-B14F-4347FA259E9A}.Debug|x86-Android-NVIDIA.ActiveCfg = Debug|x86-Android-NVIDIA
		{CD95BBF1-4D1E-47F2-B14F-4347FA259E9A}.Debug|x86-Android-NVIDIA.Build.0 = Debug|x86-Android-NVIDIA
		{CD95BBF1-4D1E-47F2-B14F-4347FA259E9A}.Debug|x86-Android-NVIDIA.Deploy.0 = Debug|x86-Android-NVIDIA
		{CD95BBF1-4D1E-47F2-B14F-4347FA259E9A}.Debug|x64-Android-NVIDIA.ActiveCfg = Debug|x64-Android-NVIDIA
		{CD95BBF1-4D1E-47F2-B14F-4347FA259E9A}.Debug|x64-Android-NVIDIA.Build.0 = Debug|x64-Android-NVIDIA
		{CD95BBF1-4D1E-47F2-B14F-4347FA259E9A}.Debug|x64-Android-NVIDIA.Deploy.0 = Debug|x64-Android-NVIDIA
		{CD95BBF1-4D1E-47F2-B14F-4347FA259E9A}.Release|AArch64-Android-NVIDIA.ActiveCfg = Release|AArch64-Android-NVIDIA
		{CD95BBF1-4D1E-47F2-B14F-4347FA259E9A}.Release|AArch64-Android-NVIDIA.Build.0 = Release|AArch64-Android-NVIDIA
		{CD95BBF1-4D1E-47F2-B14F-4347FA259E9A}.Release|AArch64-Android-NVIDIA.Deploy.0 = Release|AArch64-Android-NVIDIA
		{CD95BBF1-4D1E-47F2-B14F-4347FA259E9A}.Release|ARM-Android-NVIDIA.ActiveCfg = Release|ARM-Android-NVIDIA
		{CD95BBF1-4D1E-47F2-B14F-4347FA259E9A}.Release|ARM-Android-NVIDIA.Build.0 = Release|ARM-Android-NVIDIA
		{CD95BBF1-4D1E-47F2-B14F-4347FA259E9A}.Release|ARM-Android-NVIDIA.Deploy.0 = Release|ARM-Android-NVIDIA
		{CD95BBF1-4D1E-47F2-B14F-4347FA259E9A}.Release|x86-Android-NVIDIA.ActiveCfg = Release|x86-Android-NVIDIA
		{CD95BBF1-4D1E-47F2-B14F-4347FA259E9A}.Release|x86-Android-NVIDIA.Build.0 = Release|x86-Android-NVIDIA
		{CD95BBF1-4D1E-47F2-B14F-4347FA259E9A}.Release|x86-Android-NVIDIA.Deploy.0 = Release|x86-Android-NVIDIA
		{CD95BBF1-4D1E-47F2-B14F-4347FA259E9A}.Release|x64-Android-NVIDIA.ActiveCfg = Release|x64-Android-NVIDIA
		{CD95BBF1-4D1E-47F2-B14F-4347FA259E9A}.Release|x64-Android-NVIDIA.Build.0 = Release|x64-Android-NVIDIA
		{CD95BBF1-4D1E-47F2-B14F-4347FA259E9A}.Release|x64-Android-NVIDIA.Deploy.0 = Release|x64-Android-NVIDIA
		{DC8C8A42-B0CE-4F20-B959-1D9EAD1217BE}.Debug|AArch64-Android-NVIDIA.ActiveCfg = Debug|AArch64-Android-NVIDIA
		{DC8C8A42-B0CE-4F20-B959-1D9EAD1217BE}.Debug|AArch64-Android-NVIDIA.Build.0 = Debug|AArch64-Android-NVIDIA
		{DC8C8A42-B0CE-4F20-B959-1D9EAD1217BE}.Debug|AArch64-Android-NVIDIA.Deploy.0 = Debug|AArch64-Android-NVIDIA
		{DC8C8A42-B0CE-4F20-B959-1D9EAD1217BE}.Debug|ARM-Android-NVIDIA.ActiveCfg = Debug|ARM-Android-NVIDIA
		{DC8C8A42-B0CE-4F20-B959-1D9EAD1217BE}.Debug|ARM-Android-NVIDIA.Build.0 = Debug|ARM-Android-NVIDIA
		{DC8C8A42-B0CE-4F20-B959-1D9EAD1217BE}.Debug|ARM-Android-NVIDIA.Deploy.0 = Debug|ARM-Android-NVIDIA
		{DC8C8A42-B0CE-4F20-B959-1D9EAD1217BE}.Debug|x86-Android-NVIDIA.ActiveCfg = Debug|x86-Android-NVIDIA
		{DC8C8A42-B0CE-4F20-B959-1D9EAD1217BE}.Debug|x86-Android-NVIDIA.Build.0 = Debug|x86-Android-NVIDIA
		{DC8C8A42-B0CE-4F20-B959-1D9EAD1217BE}.Debug|x86-Android-NVIDIA.Deploy.0 = Debug|x86-Android-NVIDIA
		{DC8C8A42-B0CE-4F20-B959-1D9EAD1217BE}.Debug|x64-Android-NVIDIA.ActiveCfg = Debug|x64-Android-NVIDIA
		{DC8C8A42-B0CE-4F20-B959-1D9EAD1217BE}.Debug|x64-Android-NVIDIA.Build.0 = Debug|x64-Android-NVIDIA
		{DC8C8A42-B0CE-4F20-B959-1D9EAD1217BE}.Debug|x64-Android-NVIDIA.Deploy.0 = Debug|x64-Android-NVIDIA
		{DC8C8A42-B0CE-4F20-B959-1D9EAD1217BE}.Release|AArch64-Android-NVIDIA.ActiveCfg = Release|AArch64-Android-NVIDIA
		{DC8C8A42-B0CE-4F20-B959-1D9EAD1217BE}.Release|AArch64-Android-NVIDIA.Build.0 = Release|AArch64-Android-NVIDIA
		{DC8C8A42-B0CE-4F20-B959-1D9EAD1217BE}.Release|AArch64-Android-NVIDIA.Deploy.0 = Release|AArch64-Android-NVIDIA
		{DC8C8A42-B0CE-4F20-B959-1D9EAD1217BE}.Release|ARM-Android-NVIDIA.ActiveCfg = Release|ARM-Android-NVIDIA
		{DC8C8A42-B0CE-4F20-B959-1D9EAD1217BE}.Release|ARM-Android-NVIDIA.Build.0 = Release|ARM-Android-NVIDIA
		{DC8C8A42-B0CE-4F20-B959-1D9EAD1217BE}.Release|ARM-Android-NVIDIA.Deploy.0 = Release|ARM-Android-NVIDIA
		{DC8C8A42-B0CE-4F20-B959-1D9EAD1217BE}.Release|x86-Android-NVIDIA.ActiveCfg = Release|x86-Android-NVIDIA
		{DC8C8A42-B0CE-4F20-B959-1D9EAD1217BE}.Release|x86-Android-NVIDIA.Build.0 = Release|x86-Android-NVIDIA
		{DC8C8A42-B0CE-4F20-B959-1D9EAD1217BE}.Release|x86-Android-NVIDIA.Deploy.0 = Release|x86-Android-NVIDIA
		{DC8C8A42-B0CE-4F20-B959-1D9EAD1217BE}.Release|x64-Android-NVIDIA.ActiveCfg = Release|x64-Android-NVIDIA
		{DC8C8A42-B0CE-4F20-B959-1D9EAD1217BE}.Release|x64-Android-NVIDIA.Build.0 = Release|x64-Android-NVIDIA
		{DC8C8A42-B0CE-4F20-B959-1D9EAD1217BE}.Release|x64-Android-NVIDIA.Deploy.0 = Release|x64-Android-NVIDIA
		{7355F408-279E-41C1-B9E0-3B854DC0ED2C}.Debug|AArch64-Android-NVIDIA.ActiveCfg = Debug|AArch64-Android-NVIDIA
		{7355F408-279E-41C1-B9E0-3B854DC0ED2C}.Debug|AArch64-Android-NVIDIA.Build.0 = Debug|AArch64-Android-NVIDIA
		{7355F408-279E-41C1-B9E0-3B854DC0ED2C}.Debug|AArch64-Android-NVIDIA.Deploy.0 = Debug|AArch64-Android-NVIDIA
		{7355F408-279E-41C1-B9E0-3B854DC0ED2C}.Debug|ARM-Android-NVIDIA.ActiveCfg = Debug|ARM-Android-NVIDIA
		{7355F408-279E-41C1-B9E0-3B854DC0ED2C}.Debug|ARM-Android-NVIDIA.Build.0 = Debug|ARM-Android-NVIDIA
		{7355F408-279E-41C1-B9E0-3B854DC0ED2C}.Debug|ARM-Android-NVIDIA.Deploy.0 = Debug|ARM-Android-NVIDIA
		{7355F408-279E-41C1-B9E0-3B854DC0ED2C}.Debug|x86-Android-NVIDIA.ActiveCfg = Debug|x86-Android-NVIDIA
		{7355F408-279E-41C1-B9E0-3B854DC0ED2C}.Debug|x86-Android-NVIDIA.Build.0 = Debug|x86-Android-NVIDIA
		{7355F408-279E-41C1-B9E0-3B854DC0ED2C}.Debug|x86-Android-NVIDIA.Deploy.0 = Debug|x86-Android-NVIDIA
		{7355F408-279E-41C1-B9E0-3B854DC0ED2C}.Debug|x64-Android-NVIDIA.ActiveCfg = Debug|x64-Android-NVIDIA
		{7355F408-279E-41C1-B9E0-3B854DC0ED2C}.Debug|x64-Android-NVIDIA.Build.0 = Debug|x64-Android-NVIDIA
		{7355F408-279E-41C1-B9E0-3B854DC0ED2C}.Debug|x64-Android-NVIDIA.Deploy.0 = Debug|x64-Android-NVIDIA
		{7355F408-279E-41C1-B9E0-3B854DC0ED2C}.Release|AArch64-Android-NVIDIA.ActiveCfg = Release|AArch64-Android-NVIDIA
		{7355F408-279E-41C1-B9E0-3B854DC0ED2C}.Release|AArch64-Android-NVIDIA.Build.0 = Release|AArch64-Android-NVIDIA
		{7355F408-279E-41C1-B9E0-3B854DC0ED2C}.Release|AArch64-Android-NVIDIA.Deploy.0 = Release|AArch64-Android-NVIDIA
		{7355F408-279E-41C1-B9E0-3B854DC0ED2C}.Release|ARM-Android-NVIDIA.ActiveCfg = Release|ARM-Android-NVIDIA
		{7355F408-279E-41C1-B9E0-3B854DC0ED2C}.Release|ARM-Android-NVIDIA.Build.0 = Release|ARM-Android-NVIDIA
		{7355F408-279E-41C1-B9E0-3B854DC0ED2C}.Release|ARM-Android-NVIDIA.Deploy.0 = Release|ARM-Android-NVIDIA
		{7355F408-279E-41C1-B9E0-3B854DC0ED2C}.Release|x86-Android-NVIDIA.ActiveCfg = Release|x86-Android-NVIDIA
		{7355F408-279E-41C1-B9E0-3B854DC0ED2C}.Release|x86-Android-NVIDIA.Build.0 = Release|x86-Android-NVIDIA
		{7355F408-279E-41C1-B9E0-3B854DC0ED2C}.Release|x86-Android-NVIDIA.Deploy.0 = Release|x86-Android-NVIDIA
		{7355F408-279E-41C1-B9E0-3B854DC0ED2C}.Release|x64-Android-NVIDIA.ActiveCfg = Release|x64-Android-NVIDIA
		{7355F408-279E-41C1-B9E0-3B854DC0ED2C}.Release|x64-Android-NVIDIA.Build.0 = Release|x64-Android-NVIDIA
		{7355F408-279E-41C1-B9E0-3B854DC0ED2C}.Release|x64-Android-NVIDIA.Deploy.0 = Release|x64-Android-NVIDIA
		{4E9E16A7-9C9C-42FD-BD37-FCE5ADF0AA44}.Debug|AArch64-Android-NVIDIA.ActiveCfg = Debug|AArch64-Android-NVIDIA
		{4E9E16A7-9C9C-42FD-BD37-FCE5ADF0AA44}.Debug|AArch64-Android-NVIDIA.Build.0 = Debug|AArch64-Android-NVIDIA
		{4E9E16A7-9C9C-42FD-BD37-FCE5ADF0AA44}.Debug|AArch64-Android-NVIDIA.Deploy.0 = Debug|AArch64-Android-NVIDIA
		{4E9E16A7-9C9C-42FD-BD37-FCE5ADF0AA44}.Debug|ARM-Android-NVIDIA.ActiveCfg = Debug|ARM-Android-NVIDIA
		{4E9E16A7-9C9C-42FD-BD37-FCE5ADF0AA44}.Debug|ARM-Android-NVIDIA.Build.0 = Debug|ARM-Android-NVIDIA
		{4E9E16A7-9C9C-42FD-BD37-FCE5ADF0AA44}.Debug|ARM-Android-NVIDIA.Deploy.0 = Debug|ARM-Android-NVIDIA
		{4E9E16A7-9C9C-42FD-BD37-FCE5ADF0AA44}.Debug|x86-Android-NVIDIA.ActiveCfg = Debug|x86-Android-NVIDIA
		{4E9E16A7-9C9C-42FD-BD37-FCE5ADF0AA44}.Debug|x86-Android-NVIDIA.Build.0 = Debug|x86-Android-NVIDIA
		{4E9E16A7-9C9C-42FD-BD37-FCE5ADF0AA44}.Debug|x86-Android-NVIDIA.Deploy.0 = Debug|x86-Android-NVIDIA
		{4E9E16A7-9C9C-42FD-BD37-FCE5ADF0AA44}.Debug|x64-Android-NVIDIA.ActiveCfg = Debug|x64-Android-NVIDIA
		{4E9E16A7-9C9C-42FD-BD37-FCE5ADF0AA44}.Debug|x64-Android-NVIDIA.Build.0 = Debug|x64-Android-NVIDIA
		{4E9E16A7-9C9C-42FD-BD37-FCE5ADF0AA44}.Debug|x64-Android-NVIDIA.Deploy.0 = Debug|x64-Android-NVIDIA
		{4E9E16A7-9C9C-42FD-BD37-FCE5ADF0AA44}.Release|AArch64-Android-NVIDIA.ActiveCfg = Release|AArch64-Android-NVIDIA
		{4E9E16A7-9C9C-42FD-BD37-FCE5ADF0AA44}.Release|AArch64-Android-NVIDIA.Build.0 = Release|AArch64-Android-NVIDIA
		{4E9E16A7-9C9C-42FD-BD37-FCE5ADF0AA44}.Release|AArch64-Android-NVIDIA.Deploy.0 = Release|AArch64-Android-NVIDIA
		{4E9E16A7-9C9C-42FD-BD37-FCE5ADF0AA44}.Release|ARM-Android-NVIDIA.ActiveCfg = Release|ARM-Android-NVIDIA
		{4E9E16A7-9C9C-42FD-BD37-FCE5ADF0AA44}.Release|ARM-Android-NVIDIA.Build.0 = Release|ARM-Android-NVIDIA
		{4E9E16A7-9C9C-42FD-BD37-FCE5ADF0AA44}.Release|ARM-Android-NVIDIA.Deploy.0 = Release|ARM-Android-NVIDIA
		{4E9E16A7-9C9C-42FD-BD37-FCE5ADF0AA44}.Release|x86-Android-NVIDIA.ActiveCfg = Release|x86-Android-NVIDIA
		{4E9E16A7-9C9C-42FD-BD37-FCE5ADF0AA44}.Release|x86-Android-NVIDIA.Build.0 = Release|x86-Android-NVIDIA
		{4E9E16A7-9C9C-42FD-BD37-FCE5ADF0AA44}.Release|x86-Android-NVIDIA.Deploy.0 = Release|x86-Android-NVIDIA
		{4E9E16A7-9C9C-42FD-BD37-FCE5ADF0AA44}.Release|x64-Android-NVIDIA.ActiveCfg = Release|x64-Android-NVIDIA
		{4E9E16A7-9C9C-42FD-BD37-FCE5ADF0AA44}.Release|x64-Android-NVIDIA.Build.0 = Release|x64-Android-NVIDIA
		{4E9E16A7-9C9C-42FD-BD37-FCE5ADF0AA44}.Release|x64-Android-NVIDIA.Deploy.0 = Release|x64-Android-NVIDIA
		{D628E5FF-898D-41F2-B5F3-93154FAE5055}.Debug|AArch64-Android-NVIDIA.ActiveCfg = Debug|AArch64-Android-NVIDIA
		{D628E5FF-898D-41F2-B5F3-93154FAE5055}.Debug|AArch64-Android-NVIDIA.Build.0 = Debug|AArch64-Android-NVIDIA
		{D628E5FF-898D-41F2-B5F3-93154FAE5055}.Debug|AArch64-Android-NVIDIA.Deploy.0 = Debug|AArch64-Android-NVIDIA
		{D628E5FF-898D-41F2-B5F3-93154FAE5055}.Debug|ARM-Android-NVIDIA.ActiveCfg = Debug|ARM-Android-NVIDIA
		{D628E5FF-898D-41F2-B5F3-93154FAE5055}.Debug|ARM-Android-NVIDIA.Build.0 = Debug|ARM-Android-NVIDIA
		{D628E5FF-898D-41F2-B5F3-93154FAE5055}.Debug|ARM-Android-NVIDIA.Deploy.0 = Debug|ARM-Android-NVIDIA
		{D628E5FF-898D-41F2-B5F3-93154FAE5055}.Debug|x86-Android-NVIDIA.ActiveCfg = Debug|x86-Android-NVIDIA
		{D628E5FF-898D-41F2-B5F3-93154FAE5055}.Debug|x86-Android-NVIDIA.Build.0 = Debug|x86-Android-NVIDIA
		{D628E5FF-898D-41F2-B5F3-93154FAE5055}.Debug|x86-Android-NVIDIA.Deploy.0 = Debug|x86-Android-NVIDIA
		{D628E5FF-898D-41F2-B5F3-93154FAE5055}.Debug|x64-Android-NVIDIA.ActiveCfg = Debug|x64-Android-NVIDIA
		{D628E5FF-898D-41F2-B5F3-93154FAE5055}.Debug|x64-Android-NVIDIA.Build.0 = Debug|x64-Android-NVIDIA
		{D628E5FF-898D-41F2-B5F3-93154FAE5055}.Debug|x64-Android-NVIDIA.Deploy.0 = Debug|x64-Android-NVIDIA
		{D628E5FF-898D-41F2-B5F3-93154FAE5055}.Release|AArch64-Android-NVIDIA.ActiveCfg = Release|AArch64-Android-NVIDIA
		{D628E5FF-898D-41F2-B5F3-93154FAE5055}.Release|AArch64-Android-NVIDIA.Build.0 = Release|AArch64-Android-NVIDIA
		{D628E5FF-898D-41F2-B5F3-93154FAE5055}.Release|AArch64-Android-NVIDIA.Deploy.0 = Release|AArch64-Android-NVIDIA
		{D628E5FF-898D-41F2-B5F3-93154FAE5055}.Release|ARM-Android-NVIDIA.ActiveCfg = Release|ARM-Android-NVIDIA
		{D628E5FF-898D-41F2-B5F3-93154FAE5055}.Release|ARM-Android-NVIDIA.Build.0 = Release|ARM-Android-NVIDIA
		{D628E5FF-898D-41F2-B5F3-93154FAE5055}.Release|ARM-Android-NVIDIA.Deploy.0 = Release|ARM-Android-NVIDIA
		{D628E5FF-898D-41F2-B5F3-93154FAE5055}.Release|x86-Android-NVIDIA.ActiveCfg = Release|x86-Android-NVIDIA
		{D628E5FF-898D-41F2-B5F3-93154FAE5055}.Release|x86-Android-NVIDIA.Build.0 = Release|x86-Android-NVIDIA
		{D628E5FF-898D-41F2-B5F3-93154FAE5055}.Release|x86-Android-NVIDIA.Deploy.0 = Release|x86-Android-NVIDIA
		{D628E5FF-898D-41F2-B5F3-93154FAE5055}.Release|x64-Android-NVIDIA.ActiveCfg = Release|x64-Android-NVIDIA
		{D628E5FF-898D-41F2-B5F3-93154FAE5055}.Release|x64-Android-NVIDIA.Build.0 = Release|x64-Android-NVIDIA
		{D628E5FF-898D-41F2-B5F3-93154FAE5055}.Release|x64-Android-NVIDIA.Deploy.0 = Release|x64-Android-NVIDIA
		{AFE78AD0-957F-4CC6-BA7F-216CBBC8960C}.Debug|AArch64-Android-NVIDIA.ActiveCfg = Debug|AArch64-Android-NVIDIA
		{AFE78AD0-957F-4CC6-BA7F-216CBBC8960C}.Debug|AArch64-Android-NVIDIA.Build.0 = Debug|AArch64-Android-NVIDIA
		{AFE78AD0-957F-4CC6-BA7F-216CBBC8960C}.Debug|AArch64-Android-NVIDIA.Deploy.0 = Debug|AArch64-Android-NVIDIA
		{AFE78AD0-957F-4CC6-BA7F-216CBBC8960C}.Debug|ARM-Android-NVIDIA.ActiveCfg = Debug|ARM-Android-NVIDIA
		{AFE78AD0-957F-4CC6-BA7F-216CBBC8960C}.Debug|ARM-Android-NVIDIA.Build.0 = Debug|ARM-Android-NVIDIA
		{AFE78AD0-957F-4CC6-BA7F-216CBBC8960C}.Debug|ARM-Android-NVIDIA.Deploy.0 = Debug|ARM-Android-NVIDIA
		{AFE78AD0-957F-4CC6-BA7F-216CBBC8960C}.Debug|x86-Android-NVIDIA.ActiveCfg = Debug|x86-Android-NVIDIA
		{AFE78AD0-957F-4CC6-BA7F-216CBBC8960C}.Debug|x86-Android-NVIDIA.Build.0 = Debug|x86-Android-NVIDIA
		{AFE78AD0-957F-4CC6-BA7F-216CBBC8960C}.Debug|x86-Android-NVIDIA.Deploy.0 = Debug|x86-Android-NVIDIA
		{AFE78AD0-957F-4CC6-BA7F-216CBBC8960C}.Debug|x64-Android-NVIDIA.ActiveCfg = Debug|x64-Android-NVIDIA
		{AFE78AD0-957F-4CC6-BA7F-216CBBC8960C}.Debug|x64-Android-NVIDIA.Build.0 = Debug|x64-Android-NVIDIA
		{AFE78AD0-957F-4CC6-BA7F-216CBBC8960C}.Debug|x64-Android-NVIDIA.Deploy.0 = Debug|x64-Android-NVIDIA
		{AFE78AD0-957F-4CC6-BA7F-216CBBC8960C}.Release|AArch64-Android-NVIDIA.ActiveCfg = Release|AArch64-Android-NVIDIA
		{AFE78AD0-957F-4CC6-BA7F-216CBBC8960C}.Release|AArch64-Android-NVIDIA.Build.0 = Release|AArch64-Android-NVIDIA
		{AFE78AD0-957F-4CC6-BA7F-216CBBC8960C}.Release|AArch64-Android-NVIDIA.Deploy.0 = Release|AArch64-Android-NVIDIA
		{AFE78AD0-957F-4CC6-BA7F-216CBBC8960C}.Release|ARM-Android-NVIDIA.ActiveCfg = Release|ARM-Android-NVIDIA
		{AFE78AD0-957F-4CC6-BA7F-216CBBC8960C}.Release|ARM-Android-NVIDIA.Build.0 = Release|ARM-Android-NVIDIA
		{AFE78AD0-957F-4CC6-BA7F-216CBBC8960C}.Release|ARM-Android-NVIDIA.Deploy.0 = Release|ARM-Android-NVIDIA
		{AFE78AD0-957F-4CC6-BA7F-216CBBC8960C}.Release|x86-Android-NVIDIA.ActiveCfg = Release|x86-Android-NVIDIA
		{AFE78AD0-957F-4CC6-BA7F-216CBBC8960C}.Release|x86-Android-NVIDIA.Build.0 = Release|x86-Android-NVIDIA
		{AFE78AD0-957F-4CC6-BA7F-216CBBC8960C}.Release|x86-Android-NVIDIA.Deploy.0 = Release|x86-Android-NVIDIA
		{AFE78AD0-957F-4CC6-BA7F-216CBBC8960C}.Release|x64-Android-NVIDIA.ActiveCfg = Release|x64-Android-NVIDIA
		{AFE78AD0-957F-4CC6-BA7F-216CBBC8960C}.Release|x64-Android-NVIDIA.Build.0 = Release|x64-Android-NVIDIA
		{AFE78AD0-957F-4CC6-BA7F-216CBBC8960C}.Release|x64-Android-NVIDIA.Deploy.0 = Release|x64-Android-NVIDIA
		{0BB134A3-B5CB-48F9-81F3-40164B919188}.Debug|AArch64-Android-NVIDIA.ActiveCfg = Debug|AArch64-Android-NVIDIA
		{0BB134A3-B5CB-48F9-81F3-40164B919188}.Debug|AArch64-Android-NVIDIA.Build.0 = Debug|AArch64-Android-NVIDIA
		{0BB134A3-B5CB-48F9-81F3-40164B919188}.Debug|AArch64-Android-NVIDIA.Deploy.0 = Debug|AArch64-Android-NVIDIA
		{0BB134A3-B5CB-48F9-81F3-40164B919188}.Debug|ARM-Android-NVIDIA.ActiveCfg = Debug|ARM-Android-NVIDIA
		{0BB134A3-B5CB-48F9-81F3-40164B919188}.Debug|ARM-Android-NVIDIA.Build.0 = Debug|ARM-Android-NVIDIA
		{0BB134A3-B5CB-48F9-81F3-40164B919188}.Debug|ARM-Android-NVIDIA.Deploy.0 = Debug|ARM-Android-NVIDIA
		{0BB134A3-B5CB-48F9-81F3-40164B919188}.Debug|x86-Android-NVIDIA.ActiveCfg = Debug|x86-Android-NVIDIA
		{0BB134A3-B5CB-48F9-81F3-40164B919188}.Debug|x86-Android-NVIDIA.Build.0 = Debug|x86-Android-NVIDIA
		{0BB134A3-B5CB-48F9-81F3-40164B919188}.Debug|x86-Android-NVIDIA.Deploy.0 = Debug|x86-Android-NVIDIA
		{0BB134A3-B5CB-48F9-81F3-40164B919188}.Debug|x64-Android-NVIDIA.ActiveCfg = Debug|x64-Android-NVIDIA
		{0BB134A3-B5CB-48F9-81F3-40164B919188}.Debug|x64-Android-NVIDIA.Build.0 = Debug|x64-Android-NVIDIA
		{0BB134A3-B5CB-48F9-81F3-40164B919188}.Debug|x64-Android-NVIDIA.Deploy.0 = Debug|x64-Android-NVIDIA
		{0BB134A3-B5CB-48F9-81F3-40164B919188}.Release|AArch64-Android-NVIDIA.ActiveCfg = Release|AArch64-Android-NVIDIA
		{0BB134A3-B5CB-48F9-81F3-40164B919188}.Release|AArch64-Android-NVIDIA.Build.0 = Release|AArch64-Android-NVIDIA
		{0BB134A3-B5CB-48F9-81F3-40164B919188}.Release|AArch64-Android-NVIDIA.Deploy.0 = Release|AArch64-Android-NVIDIA
		{0BB134A3-B5CB-48F9-81F3-40164B919188}.Release|ARM-Android-NVIDIA.ActiveCfg = Release|ARM-Android-NVIDIA
		{0BB134A3-B5CB-48F9-81F3-40164B919188}.Release|ARM-Android-NVIDIA.Build.0 = Release|ARM-Android-NVIDIA
		{0BB134A3-B5CB-48F9-81F3-40164B919188}.Release|ARM-Android-NVIDIA.Deploy.0 = Release|ARM-Android-NVIDIA
		{0BB134A3-B5CB-48F9-81F3-40164B919188}.Release|x86-Android-NVIDIA.ActiveCfg = Release|x86-Android-NVIDIA
		{0BB134A3-B5CB-48F9-81F3-40164B919188}.Release|x86-Android-NVIDIA.Build.0 = Release|x86-Android-NVIDIA
		{0BB134A3-B5CB-48F9-81F3-40164B919188}.Release|x86-Android-NVIDIA.Deploy.0 = Release|x86-Android-NVIDIA
		{0BB134A3-B5CB-48F9-81F3-40164B919188}.Release|x64-Android-NVIDIA.ActiveCfg = Release|x64-Android-NVIDIA
		{0BB134A3-B5CB-48F9-81F3-40164B919188}.Release|x64-Android-NVIDIA.Build.0 = Release|x64-Android-NVIDIA
		{0BB134A3-B5CB-48F9-81F3-40164B919188}.Release|x64-Android-NVIDIA.Deploy.0 = Release|x64-Android-NVIDIA
		{4BCF24ED-8F90-4DC3-ACCB-D541796F08E7}.Debug|AArch64-Android-NVIDIA.ActiveCfg = Debug|AArch64-Android-NVIDIA
		{4BCF24ED-8F90-4DC3-ACCB-D541796F08E7}.Debug|AArch64-Android-NVIDIA.Build.0 = Debug|AArch64-Android-NVIDIA
		{4BCF24ED-8F90-4DC3-ACCB-D541796F08E7}.Debug|AArch64-Android-NVIDIA.Deploy.0 = Debug|AArch64-Android-NVIDIA
		{4BCF24ED-8F90-4DC3-ACCB-D541796F08E7}.Debug|ARM-Android-NVIDIA.ActiveCfg = Debug|ARM-Android-NVIDIA
		{4BCF24ED-8F90-4DC3-ACCB-D541796F08E7}.Debug|ARM-Android-NVIDIA.Build.0 = Debug|ARM-Android-NVIDIA
		{4BCF24ED-8F90-4DC3-ACCB-D541796F08E7}.Debug|ARM-Android-NVIDIA.Deploy.0 = Debug|ARM-Android-NVIDIA
		{4BCF24ED-8F90-4DC3-ACCB-D541796F08E7}.Debug|x86-Android-NVIDIA.ActiveCfg = Debug|x86-Android-NVIDIA
		{4BCF24ED-8F90-4DC3-ACCB-D541796F08E7}.Debug|x86-Android-NVIDIA.Build.0 = Debug|x86-Android-NVIDIA
		{4BCF24ED-8F90-4DC3-ACCB-D541796F08E7}.Debug|x86-Android-NVIDIA.Deploy.0 = Debug|x86-Android-NVIDIA
		{4BCF24ED-8F90-4DC3-ACCB-D541796F08E7}.Debug|x64-Android-NVIDIA.ActiveCfg = Debug|x64-Android-NVIDIA
		{4BCF24ED-8F90-4DC3-ACCB-D541796F08E7}.Debug|x64-Android-NVIDIA.Build.0 = Debug|x64-Android-NVIDIA
		{4BCF24ED-8F90-4DC3-ACCB-D541796F08E7}.Debug|x64-Android-NVIDIA.Deploy.0 = Debug|x64-Android-NVIDIA
		{4BCF24ED-8F90-4DC3-ACCB-D541796F08E7}.Release|AArch64-Android-NVIDIA.ActiveCfg = Release|AArch64-Android-NVIDIA
		{4BCF24ED-8F90-4DC3-ACCB-D541796F08E7}.Release|AArch64-Android-NVIDIA.Build.0 = Release|AArch64-Android-NVIDIA
		{4BCF24ED-8F90-4DC3-ACCB-D541796F08E7}.Release|AArch64-Android-NVIDIA.Deploy.0 = Release|AArch64-Android-NVIDIA
		{4BCF24ED-8F90-4DC3-ACCB-D541796F08E7}.Release|ARM-Android-NVIDIA.ActiveCfg = Release|ARM-Android-NVIDIA
		{4BCF24ED-8F90-4DC3-ACCB-D541796F08E7}.Release|ARM-Android-NVIDIA.Build.0 = Release|ARM-Android-NVIDIA
		{4BCF24ED-8F90-4DC3-ACCB-D541796F08E7}.Release|ARM-Android-NVIDIA.Deploy.0 = Release|ARM-Android-NVIDIA
		{4BCF24ED-8F90-4DC3-ACCB-D541796F08E7}.Release|x86-Android-NVIDIA.ActiveCfg = Release|x86-Android-NVIDIA
		{4BCF24ED-8F90-4DC3-ACCB-D541796F08E7}.Release|x86-Android-NVIDIA.Build.0 = Release|x86-Android-NVIDIA
		{4BCF24ED-8F90-4DC3-ACCB-D541796F08E7}.Release|x86-Android-NVIDIA.Deploy.0 = Release|x86-Android-NVIDIA
		{4BCF24ED-8F90-4DC3-ACCB-D541796F08E7}.Release|x64-Android-NVIDIA.ActiveCfg = Release|x64-Android-NVIDIA
		{4BCF24ED-8F90-4DC3-ACCB-D541796F08E7}.Release|x64-Android-NVIDIA.Build.0 = Release|x64-Android-NVIDIA
		{4BCF24ED-8F90-4DC3-ACCB-D541796F08E7}.Release|x64-Android-NVIDIA.Deploy.0 = Release|x64-Android-NVIDIA
	EndGlobalSection
	GlobalSection(SolutionProperties) = preSolution
		HideSolutionNode = FALSE
	EndGlobalSection
EndGlobal
