
Microsoft Visual Studio Solution File, Format Version 11.00
# Visual Studio 2010
Project("{8BC9CEB8-8B4A-11D0-8D11-00A0C91BC942}") = "3d", "3d.vcxproj", "{7CEACF2D-F65A-4A77-8A9C-1FD9467714BA}"
EndProject
Project("{8BC9CEB8-8B4A-11D0-8D11-00A0C91BC942}") = "3d_multi", "3d_multi.vcxproj", "{D85EBBB7-BE27-441A-90FE-E6ACB4724D9D}"
EndProject
Project("{8BC9CEB8-8B4A-11D0-8D11-00A0C91BC942}") = "event_parameter", "event_parameter.vcxproj", "{BDA773C5-0658-4B87-91A5-B7260C0836C5}"
EndProject
Project("{8BC9CEB8-8B4A-11D0-8D11-00A0C91BC942}") = "load_banks", "load_banks.vcxproj", "{371E255B-A884-48B9-9270-7D5A2669BCC6}"
EndProject
Project("{8BC9CEB8-8B4A-11D0-8D11-00A0C91BC942}") = "music_callbacks", "music_callbacks.vcxproj", "{8709F98B-E2B3-4946-8A7A-0493FFB7E8C7}"
EndProject
Project("{8BC9CEB8-8B4A-11D0-8D11-00A0C91BC942}") = "objectpan", "objectpan.vcxproj", "{404EFCFA-69AC-488F-8C81-AE127A367E28}"
EndProject
Project("{8BC9CEB8-8B4A-11D0-8D11-00A0C91BC942}") = "programmer_sound", "programmer_sound.vcxproj", "{6A1781F4-39EC-45E4-A175-4F758FD312FF}"
EndProject
Project("{8BC9CEB8-8B4A-11D0-8D11-00A0C91BC942}") = "recording_playback", "recording_playback.vcxproj", "{C8D46C81-1C6B-4EAE-B967-059ABEC6D6F9}"
EndProject
Project("{8BC9CEB8-8B4A-11D0-8D11-00A0C91BC942}") = "simple_event", "simple_event.vcxproj", "{E4BC5358-85F0-43AB-96F3-60633B279383}"
EndProject
Global
	GlobalSection(SolutionConfigurationPlatforms) = preSolution
		Debug|AArch64-Android-NVIDIA = Debug|AArch64-Android-NVIDIA
		Debug|ARM-Android-NVIDIA = Debug|ARM-Android-NVIDIA
		Debug|x86-Android-NVIDIA = Debug|x86-Android-NVIDIA
		Debug|x64-Android-NVIDIA = Debug|x64-Android-NVIDIA
		Release|AArch64-Android-NVIDIA = Release|AArch64-Android-NVIDIA
		Release|ARM-Android-NVIDIA = Release|ARM-Android-NVIDIA
		Release|x86-Android-NVIDIA = Release|x86-Android-NVIDIA
		Release|x64-Android-NVIDIA = Release|x64-Android-NVIDIA
	EndGlobalSection
	GlobalSection(ProjectConfigurationPlatforms) = postSolution
		{7CEACF2D-F65A-4A77-8A9C-1FD9467714BA}.Debug|AArch64-Android-NVIDIA.ActiveCfg = Debug|AArch64-Android-NVIDIA
		{7CEACF2D-F65A-4A77-8A9C-1FD9467714BA}.Debug|AArch64-Android-NVIDIA.Build.0 = Debug|AArch64-Android-NVIDIA
		{7CEACF2D-F65A-4A77-8A9C-1FD9467714BA}.Debug|AArch64-Android-NVIDIA.Deploy.0 = Debug|AArch64-Android-NVIDIA
		{7CEACF2D-F65A-4A77-8A9C-1FD9467714BA}.Debug|ARM-Android-NVIDIA.ActiveCfg = Debug|ARM-Android-NVIDIA
		{7CEACF2D-F65A-4A77-8A9C-1FD9467714BA}.Debug|ARM-Android-NVIDIA.Build.0 = Debug|ARM-Android-NVIDIA
		{7CEACF2D-F65A-4A77-8A9C-1FD9467714BA}.Debug|ARM-Android-NVIDIA.Deploy.0 = Debug|ARM-Android-NVIDIA
		{7CEACF2D-F65A-4A77-8A9C-1FD9467714BA}.Debug|x86-Android-NVIDIA.ActiveCfg = Debug|x86-Android-NVIDIA
		{7CEACF2D-F65A-4A77-8A9C-1FD9467714BA}.Debug|x86-Android-NVIDIA.Build.0 = Debug|x86-Android-NVIDIA
		{7CEACF2D-F65A-4A77-8A9C-1FD9467714BA}.Debug|x86-Android-NVIDIA.Deploy.0 = Debug|x86-Android-NVIDIA
		{7CEACF2D-F65A-4A77-8A9C-1FD9467714BA}.Debug|x64-Android-NVIDIA.ActiveCfg = Debug|x64-Android-NVIDIA
		{7CEACF2D-F65A-4A77-8A9C-1FD9467714BA}.Debug|x64-Android-NVIDIA.Build.0 = Debug|x64-Android-NVIDIA
		{7CEACF2D-F65A-4A77-8A9C-1FD9467714BA}.Debug|x64-Android-NVIDIA.Deploy.0 = Debug|x64-Android-NVIDIA
		{7CEACF2D-F65A-4A77-8A9C-1FD9467714BA}.Release|AArch64-Android-NVIDIA.ActiveCfg = Release|AArch64-Android-NVIDIA
		{7CEACF2D-F65A-4A77-8A9C-1FD9467714BA}.Release|AArch64-Android-NVIDIA.Build.0 = Release|AArch64-Android-NVIDIA
		{7CEACF2D-F65A-4A77-8A9C-1FD9467714BA}.Release|AArch64-Android-NVIDIA.Deploy.0 = Release|AArch64-Android-NVIDIA
		{7CEACF2D-F65A-4A77-8A9C-1FD9467714BA}.Release|ARM-Android-NVIDIA.ActiveCfg = Release|ARM-Android-NVIDIA
		{7CEACF2D-F65A-4A77-8A9C-1FD9467714BA}.Release|ARM-Android-NVIDIA.Build.0 = Release|ARM-Android-NVIDIA
		{7CEACF2D-F65A-4A77-8A9C-1FD9467714BA}.Release|ARM-Android-NVIDIA.Deploy.0 = Release|ARM-Android-NVIDIA
		{7CEACF2D-F65A-4A77-8A9C-1FD9467714BA}.Release|x86-Android-NVIDIA.ActiveCfg = Release|x86-Android-NVIDIA
		{7CEACF2D-F65A-4A77-8A9C-1FD9467714BA}.Release|x86-Android-NVIDIA.Build.0 = Release|x86-Android-NVIDIA
		{7CEACF2D-F65A-4A77-8A9C-1FD9467714BA}.Release|x86-Android-NVIDIA.Deploy.0 = Release|x86-Android-NVIDIA
		{7CEACF2D-F65A-4A77-8A9C-1FD9467714BA}.Release|x64-Android-NVIDIA.ActiveCfg = Release|x64-Android-NVIDIA
		{7CEACF2D-F65A-4A77-8A9C-1FD9467714BA}.Release|x64-Android-NVIDIA.Build.0 = Release|x64-Android-NVIDIA
		{7CEACF2D-F65A-4A77-8A9C-1FD9467714BA}.Release|x64-Android-NVIDIA.Deploy.0 = Release|x64-Android-NVIDIA
		{D85EBBB7-BE27-441A-90FE-E6ACB4724D9D}.Debug|AArch64-Android-NVIDIA.ActiveCfg = Debug|AArch64-Android-NVIDIA
		{D85EBBB7-BE27-441A-90FE-E6ACB4724D9D}.Debug|AArch64-Android-NVIDIA.Build.0 = Debug|AArch64-Android-NVIDIA
		{D85EBBB7-BE27-441A-90FE-E6ACB4724D9D}.Debug|AArch64-Android-NVIDIA.Deploy.0 = Debug|AArch64-Android-NVIDIA
		{D85EBBB7-BE27-441A-90FE-E6ACB4724D9D}.Debug|ARM-Android-NVIDIA.ActiveCfg = Debug|ARM-Android-NVIDIA
		{D85EBBB7-BE27-441A-90FE-E6ACB4724D9D}.Debug|ARM-Android-NVIDIA.Build.0 = Debug|ARM-Android-NVIDIA
		{D85EBBB7-BE27-441A-90FE-E6ACB4724D9D}.Debug|ARM-Android-NVIDIA.Deploy.0 = Debug|ARM-Android-NVIDIA
		{D85EBBB7-BE27-441A-90FE-E6ACB4724D9D}.Debug|x86-Android-NVIDIA.ActiveCfg = Debug|x86-Android-NVIDIA
		{D85EBBB7-BE27-441A-90FE-E6ACB4724D9D}.Debug|x86-Android-NVIDIA.Build.0 = Debug|x86-Android-NVIDIA
		{D85EBBB7-BE27-441A-90FE-E6ACB4724D9D}.Debug|x86-Android-NVIDIA.Deploy.0 = Debug|x86-Android-NVIDIA
		{D85EBBB7-BE27-441A-90FE-E6ACB4724D9D}.Debug|x64-Android-NVIDIA.ActiveCfg = Debug|x64-Android-NVIDIA
		{D85EBBB7-BE27-441A-90FE-E6ACB4724D9D}.Debug|x64-Android-NVIDIA.Build.0 = Debug|x64-Android-NVIDIA
		{D85EBBB7-BE27-441A-90FE-E6ACB4724D9D}.Debug|x64-Android-NVIDIA.Deploy.0 = Debug|x64-Android-NVIDIA
		{D85EBBB7-BE27-441A-90FE-E6ACB4724D9D}.Release|AArch64-Android-NVIDIA.ActiveCfg = Release|AArch64-Android-NVIDIA
		{D85EBBB7-BE27-441A-90FE-E6ACB4724D9D}.Release|AArch64-Android-NVIDIA.Build.0 = Release|AArch64-Android-NVIDIA
		{D85EBBB7-BE27-441A-90FE-E6ACB4724D9D}.Release|AArch64-Android-NVIDIA.Deploy.0 = Release|AArch64-Android-NVIDIA
		{D85EBBB7-BE27-441A-90FE-E6ACB4724D9D}.Release|ARM-Android-NVIDIA.ActiveCfg = Release|ARM-Android-NVIDIA
		{D85EBBB7-BE27-441A-90FE-E6ACB4724D9D}.Release|ARM-Android-NVIDIA.Build.0 = Release|ARM-Android-NVIDIA
		{D85EBBB7-BE27-441A-90FE-E6ACB4724D9D}.Release|ARM-Android-NVIDIA.Deploy.0 = Release|ARM-Android-NVIDIA
		{D85EBBB7-BE27-441A-90FE-E6ACB4724D9D}.Release|x86-Android-NVIDIA.ActiveCfg = Release|x86-Android-NVIDIA
		{D85EBBB7-BE27-441A-90FE-E6ACB4724D9D}.Release|x86-Android-NVIDIA.Build.0 = Release|x86-Android-NVIDIA
		{D85EBBB7-BE27-441A-90FE-E6ACB4724D9D}.Release|x86-Android-NVIDIA.Deploy.0 = Release|x86-Android-NVIDIA
		{D85EBBB7-BE27-441A-90FE-E6ACB4724D9D}.Release|x64-Android-NVIDIA.ActiveCfg = Release|x64-Android-NVIDIA
		{D85EBBB7-BE27-441A-90FE-E6ACB4724D9D}.Release|x64-Android-NVIDIA.Build.0 = Release|x64-Android-NVIDIA
		{D85EBBB7-BE27-441A-90FE-E6ACB4724D9D}.Release|x64-Android-NVIDIA.Deploy.0 = Release|x64-Android-NVIDIA
		{BDA773C5-0658-4B87-91A5-B7260C0836C5}.Debug|AArch64-Android-NVIDIA.ActiveCfg = Debug|AArch64-Android-NVIDIA
		{BDA773C5-0658-4B87-91A5-B7260C0836C5}.Debug|AArch64-Android-NVIDIA.Build.0 = Debug|AArch64-Android-NVIDIA
		{BDA773C5-0658-4B87-91A5-B7260C0836C5}.Debug|AArch64-Android-NVIDIA.Deploy.0 = Debug|AArch64-Android-NVIDIA
		{BDA773C5-0658-4B87-91A5-B7260C0836C5}.Debug|ARM-Android-NVIDIA.ActiveCfg = Debug|ARM-Android-NVIDIA
		{BDA773C5-0658-4B87-91A5-B7260C0836C5}.Debug|ARM-Android-NVIDIA.Build.0 = Debug|ARM-Android-NVIDIA
		{BDA773C5-0658-4B87-91A5-B7260C0836C5}.Debug|ARM-Android-NVIDIA.Deploy.0 = Debug|ARM-Android-NVIDIA
		{BDA773C5-0658-4B87-91A5-B7260C0836C5}.Debug|x86-Android-NVIDIA.ActiveCfg = Debug|x86-Android-NVIDIA
		{BDA773C5-0658-4B87-91A5-B7260C0836C5}.Debug|x86-Android-NVIDIA.Build.0 = Debug|x86-Android-NVIDIA
		{BDA773C5-0658-4B87-91A5-B7260C0836C5}.Debug|x86-Android-NVIDIA.Deploy.0 = Debug|x86-Android-NVIDIA
		{BDA773C5-0658-4B87-91A5-B7260C0836C5}.Debug|x64-Android-NVIDIA.ActiveCfg = Debug|x64-Android-NVIDIA
		{BDA773C5-0658-4B87-91A5-B7260C0836C5}.Debug|x64-Android-NVIDIA.Build.0 = Debug|x64-Android-NVIDIA
		{BDA773C5-0658-4B87-91A5-B7260C0836C5}.Debug|x64-Android-NVIDIA.Deploy.0 = Debug|x64-Android-NVIDIA
		{BDA773C5-0658-4B87-91A5-B7260C0836C5}.Release|AArch64-Android-NVIDIA.ActiveCfg = Release|AArch64-Android-NVIDIA
		{BDA773C5-0658-4B87-91A5-B7260C0836C5}.Release|AArch64-Android-NVIDIA.Build.0 = Release|AArch64-Android-NVIDIA
		{BDA773C5-0658-4B87-91A5-B7260C0836C5}.Release|AArch64-Android-NVIDIA.Deploy.0 = Release|AArch64-Android-NVIDIA
		{BDA773C5-0658-4B87-91A5-B7260C0836C5}.Release|ARM-Android-NVIDIA.ActiveCfg = Release|ARM-Android-NVIDIA
		{BDA773C5-0658-4B87-91A5-B7260C0836C5}.Release|ARM-Android-NVIDIA.Build.0 = Release|ARM-Android-NVIDIA
		{BDA773C5-0658-4B87-91A5-B7260C0836C5}.Release|ARM-Android-NVIDIA.Deploy.0 = Release|ARM-Android-NVIDIA
		{BDA773C5-0658-4B87-91A5-B7260C0836C5}.Release|x86-Android-NVIDIA.ActiveCfg = Release|x86-Android-NVIDIA
		{BDA773C5-0658-4B87-91A5-B7260C0836C5}.Release|x86-Android-NVIDIA.Build.0 = Release|x86-Android-NVIDIA
		{BDA773C5-0658-4B87-91A5-B7260C0836C5}.Release|x86-Android-NVIDIA.Deploy.0 = Release|x86-Android-NVIDIA
		{BDA773C5-0658-4B87-91A5-B7260C0836C5}.Release|x64-Android-NVIDIA.ActiveCfg = Release|x64-Android-NVIDIA
		{BDA773C5-0658-4B87-91A5-B7260C0836C5}.Release|x64-Android-NVIDIA.Build.0 = Release|x64-Android-NVIDIA
		{BDA773C5-0658-4B87-91A5-B7260C0836C5}.Release|x64-Android-NVIDIA.Deploy.0 = Release|x64-Android-NVIDIA
		{371E255B-A884-48B9-9270-7D5A2669BCC6}.Debug|AArch64-Android-NVIDIA.ActiveCfg = Debug|AArch64-Android-NVIDIA
		{371E255B-A884-48B9-9270-7D5A2669BCC6}.Debug|AArch64-Android-NVIDIA.Build.0 = Debug|AArch64-Android-NVIDIA
		{371E255B-A884-48B9-9270-7D5A2669BCC6}.Debug|AArch64-Android-NVIDIA.Deploy.0 = Debug|AArch64-Android-NVIDIA
		{371E255B-A884-48B9-9270-7D5A2669BCC6}.Debug|ARM-Android-NVIDIA.ActiveCfg = Debug|ARM-Android-NVIDIA
		{371E255B-A884-48B9-9270-7D5A2669BCC6}.Debug|ARM-Android-NVIDIA.Build.0 = Debug|ARM-Android-NVIDIA
		{371E255B-A884-48B9-9270-7D5A2669BCC6}.Debug|ARM-Android-NVIDIA.Deploy.0 = Debug|ARM-Android-NVIDIA
		{371E255B-A884-48B9-9270-7D5A2669BCC6}.Debug|x86-Android-NVIDIA.ActiveCfg = Debug|x86-Android-NVIDIA
		{371E255B-A884-48B9-9270-7D5A2669BCC6}.Debug|x86-Android-NVIDIA.Build.0 = Debug|x86-Android-NVIDIA
		{371E255B-A884-48B9-9270-7D5A2669BCC6}.Debug|x86-Android-NVIDIA.Deploy.0 = Debug|x86-Android-NVIDIA
		{371E255B-A884-48B9-9270-7D5A2669BCC6}.Debug|x64-Android-NVIDIA.ActiveCfg = Debug|x64-Android-NVIDIA
		{371E255B-A884-48B9-9270-7D5A2669BCC6}.Debug|x64-Android-NVIDIA.Build.0 = Debug|x64-Android-NVIDIA
		{371E255B-A884-48B9-9270-7D5A2669BCC6}.Debug|x64-Android-NVIDIA.Deploy.0 = Debug|x64-Android-NVIDIA
		{371E255B-A884-48B9-9270-7D5A2669BCC6}.Release|AArch64-Android-NVIDIA.ActiveCfg = Release|AArch64-Android-NVIDIA
		{371E255B-A884-48B9-9270-7D5A2669BCC6}.Release|AArch64-Android-NVIDIA.Build.0 = Release|AArch64-Android-NVIDIA
		{371E255B-A884-48B9-9270-7D5A2669BCC6}.Release|AArch64-Android-NVIDIA.Deploy.0 = Release|AArch64-Android-NVIDIA
		{371E255B-A884-48B9-9270-7D5A2669BCC6}.Release|ARM-Android-NVIDIA.ActiveCfg = Release|ARM-Android-NVIDIA
		{371E255B-A884-48B9-9270-7D5A2669BCC6}.Release|ARM-Android-NVIDIA.Build.0 = Release|ARM-Android-NVIDIA
		{371E255B-A884-48B9-9270-7D5A2669BCC6}.Release|ARM-Android-NVIDIA.Deploy.0 = Release|ARM-Android-NVIDIA
		{371E255B-A884-48B9-9270-7D5A2669BCC6}.Release|x86-Android-NVIDIA.ActiveCfg = Release|x86-Android-NVIDIA
		{371E255B-A884-48B9-9270-7D5A2669BCC6}.Release|x86-Android-NVIDIA.Build.0 = Release|x86-Android-NVIDIA
		{371E255B-A884-48B9-9270-7D5A2669BCC6}.Release|x86-Android-NVIDIA.Deploy.0 = Release|x86-Android-NVIDIA
		{371E255B-A884-48B9-9270-7D5A2669BCC6}.Release|x64-Android-NVIDIA.ActiveCfg = Release|x64-Android-NVIDIA
		{371E255B-A884-48B9-9270-7D5A2669BCC6}.Release|x64-Android-NVIDIA.Build.0 = Release|x64-Android-NVIDIA
		{371E255B-A884-48B9-9270-7D5A2669BCC6}.Release|x64-Android-NVIDIA.Deploy.0 = Release|x64-Android-NVIDIA
		{8709F98B-E2B3-4946-8A7A-0493FFB7E8C7}.Debug|AArch64-Android-NVIDIA.ActiveCfg = Debug|AArch64-Android-NVIDIA
		{8709F98B-E2B3-4946-8A7A-0493FFB7E8C7}.Debug|AArch64-Android-NVIDIA.Build.0 = Debug|AArch64-Android-NVIDIA
		{8709F98B-E2B3-4946-8A7A-0493FFB7E8C7}.Debug|AArch64-Android-NVIDIA.Deploy.0 = Debug|AArch64-Android-NVIDIA
		{8709F98B-E2B3-4946-8A7A-0493FFB7E8C7}.Debug|ARM-Android-NVIDIA.ActiveCfg = Debug|ARM-Android-NVIDIA
		{8709F98B-E2B3-4946-8A7A-0493FFB7E8C7}.Debug|ARM-Android-NVIDIA.Build.0 = Debug|ARM-Android-NVIDIA
		{8709F98B-E2B3-4946-8A7A-0493FFB7E8C7}.Debug|ARM-Android-NVIDIA.Deploy.0 = Debug|ARM-Android-NVIDIA
		{8709F98B-E2B3-4946-8A7A-0493FFB7E8C7}.Debug|x86-Android-NVIDIA.ActiveCfg = Debug|x86-Android-NVIDIA
		{8709F98B-E2B3-4946-8A7A-0493FFB7E8C7}.Debug|x86-Android-NVIDIA.Build.0 = Debug|x86-Android-NVIDIA
		{8709F98B-E2B3-4946-8A7A-0493FFB7E8C7}.Debug|x86-Android-NVIDIA.Deploy.0 = Debug|x86-Android-NVIDIA
		{8709F98B-E2B3-4946-8A7A-0493FFB7E8C7}.Debug|x64-Android-NVIDIA.ActiveCfg = Debug|x64-Android-NVIDIA
		{8709F98B-E2B3-4946-8A7A-0493FFB7E8C7}.Debug|x64-Android-NVIDIA.Build.0 = Debug|x64-Android-NVIDIA
		{8709F98B-E2B3-4946-8A7A-0493FFB7E8C7}.Debug|x64-Android-NVIDIA.Deploy.0 = Debug|x64-Android-NVIDIA
		{8709F98B-E2B3-4946-8A7A-0493FFB7E8C7}.Release|AArch64-Android-NVIDIA.ActiveCfg = Release|AArch64-Android-NVIDIA
		{8709F98B-E2B3-4946-8A7A-0493FFB7E8C7}.Release|AArch64-Android-NVIDIA.Build.0 = Release|AArch64-Android-NVIDIA
		{8709F98B-E2B3-4946-8A7A-0493FFB7E8C7}.Release|AArch64-Android-NVIDIA.Deploy.0 = Release|AArch64-Android-NVIDIA
		{8709F98B-E2B3-4946-8A7A-0493FFB7E8C7}.Release|ARM-Android-NVIDIA.ActiveCfg = Release|ARM-Android-NVIDIA
		{8709F98B-E2B3-4946-8A7A-0493FFB7E8C7}.Release|ARM-Android-NVIDIA.Build.0 = Release|ARM-Android-NVIDIA
		{8709F98B-E2B3-4946-8A7A-0493FFB7E8C7}.Release|ARM-Android-NVIDIA.Deploy.0 = Release|ARM-Android-NVIDIA
		{8709F98B-E2B3-4946-8A7A-0493FFB7E8C7}.Release|x86-Android-NVIDIA.ActiveCfg = Release|x86-Android-NVIDIA
		{8709F98B-E2B3-4946-8A7A-0493FFB7E8C7}.Release|x86-Android-NVIDIA.Build.0 = Release|x86-Android-NVIDIA
		{8709F98B-E2B3-4946-8A7A-0493FFB7E8C7}.Release|x86-Android-NVIDIA.Deploy.0 = Release|x86-Android-NVIDIA
		{8709F98B-E2B3-4946-8A7A-0493FFB7E8C7}.Release|x64-Android-NVIDIA.ActiveCfg = Release|x64-Android-NVIDIA
		{8709F98B-E2B3-4946-8A7A-0493FFB7E8C7}.Release|x64-Android-NVIDIA.Build.0 = Release|x64-Android-NVIDIA
		{8709F98B-E2B3-4946-8A7A-0493FFB7E8C7}.Release|x64-Android-NVIDIA.Deploy.0 = Release|x64-Android-NVIDIA
		{404EFCFA-69AC-488F-8C81-AE127A367E28}.Debug|AArch64-Android-NVIDIA.ActiveCfg = Debug|AArch64-Android-NVIDIA
		{404EFCFA-69AC-488F-8C81-AE127A367E28}.Debug|AArch64-Android-NVIDIA.Build.0 = Debug|AArch64-Android-NVIDIA
		{404EFCFA-69AC-488F-8C81-AE127A367E28}.Debug|AArch64-Android-NVIDIA.Deploy.0 = Debug|AArch64-Android-NVIDIA
		{404EFCFA-69AC-488F-8C81-AE127A367E28}.Debug|ARM-Android-NVIDIA.ActiveCfg = Debug|ARM-Android-NVIDIA
		{404EFCFA-69AC-488F-8C81-AE127A367E28}.Debug|ARM-Android-NVIDIA.Build.0 = Debug|ARM-Android-NVIDIA
		{404EFCFA-69AC-488F-8C81-AE127A367E28}.Debug|ARM-Android-NVIDIA.Deploy.0 = Debug|ARM-Android-NVIDIA
		{404EFCFA-69AC-488F-8C81-AE127A367E28}.Debug|x86-Android-NVIDIA.ActiveCfg = Debug|x86-Android-NVIDIA
		{404EFCFA-69AC-488F-8C81-AE127A367E28}.Debug|x86-Android-NVIDIA.Build.0 = Debug|x86-Android-NVIDIA
		{404EFCFA-69AC-488F-8C81-AE127A367E28}.Debug|x86-Android-NVIDIA.Deploy.0 = Debug|x86-Android-NVIDIA
		{404EFCFA-69AC-488F-8C81-AE127A367E28}.Debug|x64-Android-NVIDIA.ActiveCfg = Debug|x64-Android-NVIDIA
		{404EFCFA-69AC-488F-8C81-AE127A367E28}.Debug|x64-Android-NVIDIA.Build.0 = Debug|x64-Android-NVIDIA
		{404EFCFA-69AC-488F-8C81-AE127A367E28}.Debug|x64-Android-NVIDIA.Deploy.0 = Debug|x64-Android-NVIDIA
		{404EFCFA-69AC-488F-8C81-AE127A367E28}.Release|AArch64-Android-NVIDIA.ActiveCfg = Release|AArch64-Android-NVIDIA
		{404EFCFA-69AC-488F-8C81-AE127A367E28}.Release|AArch64-Android-NVIDIA.Build.0 = Release|AArch64-Android-NVIDIA
		{404EFCFA-69AC-488F-8C81-AE127A367E28}.Release|AArch64-Android-NVIDIA.Deploy.0 = Release|AArch64-Android-NVIDIA
		{404EFCFA-69AC-488F-8C81-AE127A367E28}.Release|ARM-Android-NVIDIA.ActiveCfg = Release|ARM-Android-NVIDIA
		{404EFCFA-69AC-488F-8C81-AE127A367E28}.Release|ARM-Android-NVIDIA.Build.0 = Release|ARM-Android-NVIDIA
		{404EFCFA-69AC-488F-8C81-AE127A367E28}.Release|ARM-Android-NVIDIA.Deploy.0 = Release|ARM-Android-NVIDIA
		{404EFCFA-69AC-488F-8C81-AE127A367E28}.Release|x86-Android-NVIDIA.ActiveCfg = Release|x86-Android-NVIDIA
		{404EFCFA-69AC-488F-8C81-AE127A367E28}.Release|x86-Android-NVIDIA.Build.0 = Release|x86-Android-NVIDIA
		{404EFCFA-69AC-488F-8C81-AE127A367E28}.Release|x86-Android-NVIDIA.Deploy.0 = Release|x86-Android-NVIDIA
		{404EFCFA-69AC-488F-8C81-AE127A367E28}.Release|x64-Android-NVIDIA.ActiveCfg = Release|x64-Android-NVIDIA
		{404EFCFA-69AC-488F-8C81-AE127A367E28}.Release|x64-Android-NVIDIA.Build.0 = Release|x64-Android-NVIDIA
		{404EFCFA-69AC-488F-8C81-AE127A367E28}.Release|x64-Android-NVIDIA.Deploy.0 = Release|x64-Android-NVIDIA
		{6A1781F4-39EC-45E4-A175-4F758FD312FF}.Debug|AArch64-Android-NVIDIA.ActiveCfg = Debug|AArch64-Android-NVIDIA
		{6A1781F4-39EC-45E4-A175-4F758FD312FF}.Debug|AArch64-Android-NVIDIA.Build.0 = Debug|AArch64-Android-NVIDIA
		{6A1781F4-39EC-45E4-A175-4F758FD312FF}.Debug|AArch64-Android-NVIDIA.Deploy.0 = Debug|AArch64-Android-NVIDIA
		{6A1781F4-39EC-45E4-A175-4F758FD312FF}.Debug|ARM-Android-NVIDIA.ActiveCfg = Debug|ARM-Android-NVIDIA
		{6A1781F4-39EC-45E4-A175-4F758FD312FF}.Debug|ARM-Android-NVIDIA.Build.0 = Debug|ARM-Android-NVIDIA
		{6A1781F4-39EC-45E4-A175-4F758FD312FF}.Debug|ARM-Android-NVIDIA.Deploy.0 = Debug|ARM-Android-NVIDIA
		{6A1781F4-39EC-45E4-A175-4F758FD312FF}.Debug|x86-Android-NVIDIA.ActiveCfg = Debug|x86-Android-NVIDIA
		{6A1781F4-39EC-45E4-A175-4F758FD312FF}.Debug|x86-Android-NVIDIA.Build.0 = Debug|x86-Android-NVIDIA
		{6A1781F4-39EC-45E4-A175-4F758FD312FF}.Debug|x86-Android-NVIDIA.Deploy.0 = Debug|x86-Android-NVIDIA
		{6A1781F4-39EC-45E4-A175-4F758FD312FF}.Debug|x64-Android-NVIDIA.ActiveCfg = Debug|x64-Android-NVIDIA
		{6A1781F4-39EC-45E4-A175-4F758FD312FF}.Debug|x64-Android-NVIDIA.Build.0 = Debug|x64-Android-NVIDIA
		{6A1781F4-39EC-45E4-A175-4F758FD312FF}.Debug|x64-Android-NVIDIA.Deploy.0 = Debug|x64-Android-NVIDIA
		{6A1781F4-39EC-45E4-A175-4F758FD312FF}.Release|AArch64-Android-NVIDIA.ActiveCfg = Release|AArch64-Android-NVIDIA
		{6A1781F4-39EC-45E4-A175-4F758FD312FF}.Release|AArch64-Android-NVIDIA.Build.0 = Release|AArch64-Android-NVIDIA
		{6A1781F4-39EC-45E4-A175-4F758FD312FF}.Release|AArch64-Android-NVIDIA.Deploy.0 = Release|AArch64-Android-NVIDIA
		{6A1781F4-39EC-45E4-A175-4F758FD312FF}.Release|ARM-Android-NVIDIA.ActiveCfg = Release|ARM-Android-NVIDIA
		{6A1781F4-39EC-45E4-A175-4F758FD312FF}.Release|ARM-Android-NVIDIA.Build.0 = Release|ARM-Android-NVIDIA
		{6A1781F4-39EC-45E4-A175-4F758FD312FF}.Release|ARM-Android-NVIDIA.Deploy.0 = Release|ARM-Android-NVIDIA
		{6A1781F4-39EC-45E4-A175-4F758FD312FF}.Release|x86-Android-NVIDIA.ActiveCfg = Release|x86-Android-NVIDIA
		{6A1781F4-39EC-45E4-A175-4F758FD312FF}.Release|x86-Android-NVIDIA.Build.0 = Release|x86-Android-NVIDIA
		{6A1781F4-39EC-45E4-A175-4F758FD312FF}.Release|x86-Android-NVIDIA.Deploy.0 = Release|x86-Android-NVIDIA
		{6A1781F4-39EC-45E4-A175-4F758FD312FF}.Release|x64-Android-NVIDIA.ActiveCfg = Release|x64-Android-NVIDIA
		{6A1781F4-39EC-45E4-A175-4F758FD312FF}.Release|x64-Android-NVIDIA.Build.0 = Release|x64-Android-NVIDIA
		{6A1781F4-39EC-45E4-A175-4F758FD312FF}.Release|x64-Android-NVIDIA.Deploy.0 = Release|x64-Android-NVIDIA
		{C8D46C81-1C6B-4EAE-B967-059ABEC6D6F9}.Debug|AArch64-Android-NVIDIA.ActiveCfg = Debug|AArch64-Android-NVIDIA
		{C8D46C81-1C6B-4EAE-B967-059ABEC6D6F9}.Debug|AArch64-Android-NVIDIA.Build.0 = Debug|AArch64-Android-NVIDIA
		{C8D46C81-1C6B-4EAE-B967-059ABEC6D6F9}.Debug|AArch64-Android-NVIDIA.Deploy.0 = Debug|AArch64-Android-NVIDIA
		{C8D46C81-1C6B-4EAE-B967-059ABEC6D6F9}.Debug|ARM-Android-NVIDIA.ActiveCfg = Debug|ARM-Android-NVIDIA
		{C8D46C81-1C6B-4EAE-B967-059ABEC6D6F9}.Debug|ARM-Android-NVIDIA.Build.0 = Debug|ARM-Android-NVIDIA
		{C8D46C81-1C6B-4EAE-B967-059ABEC6D6F9}.Debug|ARM-Android-NVIDIA.Deploy.0 = Debug|ARM-Android-NVIDIA
		{C8D46C81-1C6B-4EAE-B967-059ABEC6D6F9}.Debug|x86-Android-NVIDIA.ActiveCfg = Debug|x86-Android-NVIDIA
		{C8D46C81-1C6B-4EAE-B967-059ABEC6D6F9}.Debug|x86-Android-NVIDIA.Build.0 = Debug|x86-Android-NVIDIA
		{C8D46C81-1C6B-4EAE-B967-059ABEC6D6F9}.Debug|x86-Android-NVIDIA.Deploy.0 = Debug|x86-Android-NVIDIA
		{C8D46C81-1C6B-4EAE-B967-059ABEC6D6F9}.Debug|x64-Android-NVIDIA.ActiveCfg = Debug|x64-Android-NVIDIA
		{C8D46C81-1C6B-4EAE-B967-059ABEC6D6F9}.Debug|x64-Android-NVIDIA.Build.0 = Debug|x64-Android-NVIDIA
		{C8D46C81-1C6B-4EAE-B967-059ABEC6D6F9}.Debug|x64-Android-NVIDIA.Deploy.0 = Debug|x64-Android-NVIDIA
		{C8D46C81-1C6B-4EAE-B967-059ABEC6D6F9}.Release|AArch64-Android-NVIDIA.ActiveCfg = Release|AArch64-Android-NVIDIA
		{C8D46C81-1C6B-4EAE-B967-059ABEC6D6F9}.Release|AArch64-Android-NVIDIA.Build.0 = Release|AArch64-Android-NVIDIA
		{C8D46C81-1C6B-4EAE-B967-059ABEC6D6F9}.Release|AArch64-Android-NVIDIA.Deploy.0 = Release|AArch64-Android-NVIDIA
		{C8D46C81-1C6B-4EAE-B967-059ABEC6D6F9}.Release|ARM-Android-NVIDIA.ActiveCfg = Release|ARM-Android-NVIDIA
		{C8D46C81-1C6B-4EAE-B967-059ABEC6D6F9}.Release|ARM-Android-NVIDIA.Build.0 = Release|ARM-Android-NVIDIA
		{C8D46C81-1C6B-4EAE-B967-059ABEC6D6F9}.Release|ARM-Android-NVIDIA.Deploy.0 = Release|ARM-Android-NVIDIA
		{C8D46C81-1C6B-4EAE-B967-059ABEC6D6F9}.Release|x86-Android-NVIDIA.ActiveCfg = Release|x86-Android-NVIDIA
		{C8D46C81-1C6B-4EAE-B967-059ABEC6D6F9}.Release|x86-Android-NVIDIA.Build.0 = Release|x86-Android-NVIDIA
		{C8D46C81-1C6B-4EAE-B967-059ABEC6D6F9}.Release|x86-Android-NVIDIA.Deploy.0 = Release|x86-Android-NVIDIA
		{C8D46C81-1C6B-4EAE-B967-059ABEC6D6F9}.Release|x64-Android-NVIDIA.ActiveCfg = Release|x64-Android-NVIDIA
		{C8D46C81-1C6B-4EAE-B967-059ABEC6D6F9}.Release|x64-Android-NVIDIA.Build.0 = Release|x64-Android-NVIDIA
		{C8D46C81-1C6B-4EAE-B967-059ABEC6D6F9}.Release|x64-Android-NVIDIA.Deploy.0 = Release|x64-Android-NVIDIA
		{E4BC5358-85F0-43AB-96F3-60633B279383}.Debug|AArch64-Android-NVIDIA.ActiveCfg = Debug|AArch64-Android-NVIDIA
		{E4BC5358-85F0-43AB-96F3-60633B279383}.Debug|AArch64-Android-NVIDIA.Build.0 = Debug|AArch64-Android-NVIDIA
		{E4BC5358-85F0-43AB-96F3-60633B279383}.Debug|AArch64-Android-NVIDIA.Deploy.0 = Debug|AArch64-Android-NVIDIA
		{E4BC5358-85F0-43AB-96F3-60633B279383}.Debug|ARM-Android-NVIDIA.ActiveCfg = Debug|ARM-Android-NVIDIA
		{E4BC5358-85F0-43AB-96F3-60633B279383}.Debug|ARM-Android-NVIDIA.Build.0 = Debug|ARM-Android-NVIDIA
		{E4BC5358-85F0-43AB-96F3-60633B279383}.Debug|ARM-Android-NVIDIA.Deploy.0 = Debug|ARM-Android-NVIDIA
		{E4BC5358-85F0-43AB-96F3-60633B279383}.Debug|x86-Android-NVIDIA.ActiveCfg = Debug|x86-Android-NVIDIA
		{E4BC5358-85F0-43AB-96F3-60633B279383}.Debug|x86-Android-NVIDIA.Build.0 = Debug|x86-Android-NVIDIA
		{E4BC5358-85F0-43AB-96F3-60633B279383}.Debug|x86-Android-NVIDIA.Deploy.0 = Debug|x86-Android-NVIDIA
		{E4BC5358-85F0-43AB-96F3-60633B279383}.Debug|x64-Android-NVIDIA.ActiveCfg = Debug|x64-Android-NVIDIA
		{E4BC5358-85F0-43AB-96F3-60633B279383}.Debug|x64-Android-NVIDIA.Build.0 = Debug|x64-Android-NVIDIA
		{E4BC5358-85F0-43AB-96F3-60633B279383}.Debug|x64-Android-NVIDIA.Deploy.0 = Debug|x64-Android-NVIDIA
		{E4BC5358-85F0-43AB-96F3-60633B279383}.Release|AArch64-Android-NVIDIA.ActiveCfg = Release|AArch64-Android-NVIDIA
		{E4BC5358-85F0-43AB-96F3-60633B279383}.Release|AArch64-Android-NVIDIA.Build.0 = Release|AArch64-Android-NVIDIA
		{E4BC5358-85F0-43AB-96F3-60633B279383}.Release|AArch64-Android-NVIDIA.Deploy.0 = Release|AArch64-Android-NVIDIA
		{E4BC5358-85F0-43AB-96F3-60633B279383}.Release|ARM-Android-NVIDIA.ActiveCfg = Release|ARM-Android-NVIDIA
		{E4BC5358-85F0-43AB-96F3-60633B279383}.Release|ARM-Android-NVIDIA.Build.0 = Release|ARM-Android-NVIDIA
		{E4BC5358-85F0-43AB-96F3-60633B279383}.Release|ARM-Android-NVIDIA.Deploy.0 = Release|ARM-Android-NVIDIA
		{E4BC5358-85F0-43AB-96F3-60633B279383}.Release|x86-Android-NVIDIA.ActiveCfg = Release|x86-Android-NVIDIA
		{E4BC5358-85F0-43AB-96F3-60633B279383}.Release|x86-Android-NVIDIA.Build.0 = Release|x86-Android-NVIDIA
		{E4BC5358-85F0-43AB-96F3-60633B279383}.Release|x86-Android-NVIDIA.Deploy.0 = Release|x86-Android-NVIDIA
		{E4BC5358-85F0-43AB-96F3-60633B279383}.Release|x64-Android-NVIDIA.ActiveCfg = Release|x64-Android-NVIDIA
		{E4BC5358-85F0-43AB-96F3-60633B279383}.Release|x64-Android-NVIDIA.Build.0 = Release|x64-Android-NVIDIA
		{E4BC5358-85F0-43AB-96F3-60633B279383}.Release|x64-Android-NVIDIA.Deploy.0 = Release|x64-Android-NVIDIA
	EndGlobalSection
	GlobalSection(SolutionProperties) = preSolution
		HideSolutionNode = FALSE
	EndGlobalSection
EndGlobal
